// !$*UTF8*$!
{
	archiveVersion = 1;
	classes = {
	};
	objectVersion = 56;
	objects = {

/* Begin PBXBuildFile section */
		0E330C602B03E74B0078D435 /* OtherProfileView.swift in Sources */ = {isa = PBXBuildFile; fileRef = 0E330C5F2B03E74B0078D435 /* OtherProfileView.swift */; };
		0E330C622B03E7630078D435 /* Match.swift in Sources */ = {isa = PBXBuildFile; fileRef = 0E330C612B03E7630078D435 /* Match.swift */; };
		0E330C642B03E80B0078D435 /* MatchesListView.swift in Sources */ = {isa = PBXBuildFile; fileRef = 0E330C632B03E80B0078D435 /* MatchesListView.swift */; };
		0E330C662B03E81B0078D435 /* FilterOptionsMenuView.swift in Sources */ = {isa = PBXBuildFile; fileRef = 0E330C652B03E81B0078D435 /* FilterOptionsMenuView.swift */; };
		0E330C682B03E8280078D435 /* MatchesViewModel.swift in Sources */ = {isa = PBXBuildFile; fileRef = 0E330C672B03E8280078D435 /* MatchesViewModel.swift */; };
		0E4FF5E22AC4D81F009FC5F6 /* SWEGroup12_TennisApp.swift in Sources */ = {isa = PBXBuildFile; fileRef = 0E4FF5E12AC4D81F009FC5F6 /* SWEGroup12_TennisApp.swift */; };
		0E4FF5E42AC4D81F009FC5F6 /* ContentView.swift in Sources */ = {isa = PBXBuildFile; fileRef = 0E4FF5E32AC4D81F009FC5F6 /* ContentView.swift */; };
		0E4FF5E62AC4D821009FC5F6 /* Assets.xcassets in Resources */ = {isa = PBXBuildFile; fileRef = 0E4FF5E52AC4D821009FC5F6 /* Assets.xcassets */; };
		0E4FF5EA2AC4D821009FC5F6 /* Preview Assets.xcassets in Resources */ = {isa = PBXBuildFile; fileRef = 0E4FF5E92AC4D821009FC5F6 /* Preview Assets.xcassets */; };
		0E4FF5F42AC4D821009FC5F6 /* SWEGroup12_TennisTests.swift in Sources */ = {isa = PBXBuildFile; fileRef = 0E4FF5F32AC4D821009FC5F6 /* SWEGroup12_TennisTests.swift */; };
		0E4FF5FE2AC4D821009FC5F6 /* SWEGroup12_TennisUITests.swift in Sources */ = {isa = PBXBuildFile; fileRef = 0E4FF5FD2AC4D821009FC5F6 /* SWEGroup12_TennisUITests.swift */; };
		0E4FF6002AC4D821009FC5F6 /* SWEGroup12_TennisUITestsLaunchTests.swift in Sources */ = {isa = PBXBuildFile; fileRef = 0E4FF5FF2AC4D821009FC5F6 /* SWEGroup12_TennisUITestsLaunchTests.swift */; };
		0E4FF60D2AC50E75009FC5F6 /* GoogleService-Info.plist in Resources */ = {isa = PBXBuildFile; fileRef = 0E4FF60C2AC50E75009FC5F6 /* GoogleService-Info.plist */; };
		0E4FF6162AC50F92009FC5F6 /* FirebaseAppCheck in Frameworks */ = {isa = PBXBuildFile; productRef = 0E4FF6152AC50F92009FC5F6 /* FirebaseAppCheck */; };
		0E4FF6182AC51562009FC5F6 /* FirebaseAuth in Frameworks */ = {isa = PBXBuildFile; productRef = 0E4FF6172AC51562009FC5F6 /* FirebaseAuth */; };
		0E4FF61E2AC51562009FC5F6 /* FirebaseFirestore in Frameworks */ = {isa = PBXBuildFile; productRef = 0E4FF61D2AC51562009FC5F6 /* FirebaseFirestore */; };
		0E4FF6202AC51562009FC5F6 /* FirebaseFirestoreSwift in Frameworks */ = {isa = PBXBuildFile; productRef = 0E4FF61F2AC51562009FC5F6 /* FirebaseFirestoreSwift */; };
		0E4FF62F2AC65513009FC5F6 /* SelectButton.swift in Sources */ = {isa = PBXBuildFile; fileRef = 0E4FF62E2AC65513009FC5F6 /* SelectButton.swift */; };
		0E5489C12AFD73660049BF26 /* DropdownMenu.swift in Sources */ = {isa = PBXBuildFile; fileRef = 0E5489C02AFD73660049BF26 /* DropdownMenu.swift */; };
		0E5489C32B01667F0049BF26 /* EmailVerificationView.swift in Sources */ = {isa = PBXBuildFile; fileRef = 0E5489C22B01667F0049BF26 /* EmailVerificationView.swift */; };
		0E5489C52B016CA80049BF26 /* EmailVerificationViewModel.swift in Sources */ = {isa = PBXBuildFile; fileRef = 0E5489C42B016CA80049BF26 /* EmailVerificationViewModel.swift */; };
		0E5489D82B02910B0049BF26 /* SDWebImageSwiftUI in Frameworks */ = {isa = PBXBuildFile; productRef = 0E5489D72B02910B0049BF26 /* SDWebImageSwiftUI */; };
		0E7650072AE1EE84001BB4FC /* EditProfileView.swift in Sources */ = {isa = PBXBuildFile; fileRef = 0E7650062AE1EE83001BB4FC /* EditProfileView.swift */; };
		0E7CD71B2B02E10F002B3848 /* CalendarResManager.swift in Sources */ = {isa = PBXBuildFile; fileRef = 0E7CD71A2B02E10E002B3848 /* CalendarResManager.swift */; };
		0E7CD71D2B02E114002B3848 /* CalendarResView.swift in Sources */ = {isa = PBXBuildFile; fileRef = 0E7CD71C2B02E114002B3848 /* CalendarResView.swift */; };
		0E7CD7222B02E184002B3848 /* CreateNewMessageView.swift in Sources */ = {isa = PBXBuildFile; fileRef = 0E7CD7212B02E184002B3848 /* CreateNewMessageView.swift */; };
		0E7CD7242B02E18A002B3848 /* MainMessagesView.swift in Sources */ = {isa = PBXBuildFile; fileRef = 0E7CD7232B02E18A002B3848 /* MainMessagesView.swift */; };
		0E7CD7262B02E1A3002B3848 /* ChatLogView.swift in Sources */ = {isa = PBXBuildFile; fileRef = 0E7CD7252B02E1A3002B3848 /* ChatLogView.swift */; };
		0E7CD7282B02E1B0002B3848 /* FirebaseConstants.swift in Sources */ = {isa = PBXBuildFile; fileRef = 0E7CD7272B02E1B0002B3848 /* FirebaseConstants.swift */; };
		0E7CD72A2B02E1B8002B3848 /* FirebaseManager.swift in Sources */ = {isa = PBXBuildFile; fileRef = 0E7CD7292B02E1B8002B3848 /* FirebaseManager.swift */; };
		0E7CD72C2B02E1C7002B3848 /* ChatMessage.swift in Sources */ = {isa = PBXBuildFile; fileRef = 0E7CD72B2B02E1C7002B3848 /* ChatMessage.swift */; };
		0E7CD72E2B02E1CD002B3848 /* ChatUser.swift in Sources */ = {isa = PBXBuildFile; fileRef = 0E7CD72D2B02E1CD002B3848 /* ChatUser.swift */; };
		0E7CD7302B02E1D3002B3848 /* RecentMessage.swift in Sources */ = {isa = PBXBuildFile; fileRef = 0E7CD72F2B02E1D3002B3848 /* RecentMessage.swift */; };
		0E8036D02AD5C6B60026F865 /* InputView.swift in Sources */ = {isa = PBXBuildFile; fileRef = 0E8036CF2AD5C6B60026F865 /* InputView.swift */; };
		0E8036D22AD5C6C30026F865 /* SettingsRowView.swift in Sources */ = {isa = PBXBuildFile; fileRef = 0E8036D12AD5C6C30026F865 /* SettingsRowView.swift */; };
		0E878CB32ADCCF6E00E183BD /* AuthManager.swift in Sources */ = {isa = PBXBuildFile; fileRef = 0E878CB22ADCCF6E00E183BD /* AuthManager.swift */; };
		0E878CB52ADCD02900E183BD /* SettingsView.swift in Sources */ = {isa = PBXBuildFile; fileRef = 0E878CB42ADCD02900E183BD /* SettingsView.swift */; };
		0E878CB72ADCD03C00E183BD /* LogInView.swift in Sources */ = {isa = PBXBuildFile; fileRef = 0E878CB62ADCD03C00E183BD /* LogInView.swift */; };
		0E878CB92ADCD04A00E183BD /* ForgottenPasswordView.swift in Sources */ = {isa = PBXBuildFile; fileRef = 0E878CB82ADCD04A00E183BD /* ForgottenPasswordView.swift */; };
		0E878CBB2ADCD05000E183BD /* SignUpView.swift in Sources */ = {isa = PBXBuildFile; fileRef = 0E878CBA2ADCD05000E183BD /* SignUpView.swift */; };
		0E878CBD2ADCD05500E183BD /* ProfileView.swift in Sources */ = {isa = PBXBuildFile; fileRef = 0E878CBC2ADCD05500E183BD /* ProfileView.swift */; };
		0E878CBF2ADCD05A00E183BD /* CreateProfileView.swift in Sources */ = {isa = PBXBuildFile; fileRef = 0E878CBE2ADCD05A00E183BD /* CreateProfileView.swift */; };
		0E878CC22ADD724200E183BD /* UserManager.swift in Sources */ = {isa = PBXBuildFile; fileRef = 0E878CC12ADD724200E183BD /* UserManager.swift */; };
		0E8F140F2AF1C227002B28AF /* CustomEditView.swift in Sources */ = {isa = PBXBuildFile; fileRef = 0E8F140E2AF1C227002B28AF /* CustomEditView.swift */; };
		0E8F14112AF1CFAD002B28AF /* EditProfileViewModel.swift in Sources */ = {isa = PBXBuildFile; fileRef = 0E8F14102AF1CFAD002B28AF /* EditProfileViewModel.swift */; };
		0E8F14142AF1DE39002B28AF /* EditSkillView.swift in Sources */ = {isa = PBXBuildFile; fileRef = 0E8F14132AF1DE39002B28AF /* EditSkillView.swift */; };
		0E8F14162AF1DE45002B28AF /* EditPlayView.swift in Sources */ = {isa = PBXBuildFile; fileRef = 0E8F14152AF1DE45002B28AF /* EditPlayView.swift */; };
		0E8F14182AF1DE65002B28AF /* EditAvailabilityView.swift in Sources */ = {isa = PBXBuildFile; fileRef = 0E8F14172AF1DE65002B28AF /* EditAvailabilityView.swift */; };
		0E8F141A2AF2F267002B28AF /* HomeView.swift in Sources */ = {isa = PBXBuildFile; fileRef = 0E8F14192AF2F267002B28AF /* HomeView.swift */; };
		0EAA5CC12AE03B24005EA44F /* UpdatePasswordView.swift in Sources */ = {isa = PBXBuildFile; fileRef = 0EAA5CC02AE03B23005EA44F /* UpdatePasswordView.swift */; };
		0EBADA862AD43A3400A0F6FB /* FirebaseStorage in Frameworks */ = {isa = PBXBuildFile; productRef = 0EBADA852AD43A3400A0F6FB /* FirebaseStorage */; };
		0EFF73CE2AEAF1F1004AD76F /* LogInEmailViewModel.swift in Sources */ = {isa = PBXBuildFile; fileRef = 0EFF73CD2AEAF1F1004AD76F /* LogInEmailViewModel.swift */; };
		0EFF73D02AEAF2BD004AD76F /* SignUpEmailViewModel.swift in Sources */ = {isa = PBXBuildFile; fileRef = 0EFF73CF2AEAF2BD004AD76F /* SignUpEmailViewModel.swift */; };
		0EFF73D22AEAF48F004AD76F /* SettingsViewModel.swift in Sources */ = {isa = PBXBuildFile; fileRef = 0EFF73D12AEAF48F004AD76F /* SettingsViewModel.swift */; };
		0EFF73D42AEC010D004AD76F /* ForgottenPasswordViewModel.swift in Sources */ = {isa = PBXBuildFile; fileRef = 0EFF73D32AEC010D004AD76F /* ForgottenPasswordViewModel.swift */; };
		0EFF73D62AEC0129004AD76F /* UpdatePasswordViewModel.swift in Sources */ = {isa = PBXBuildFile; fileRef = 0EFF73D52AEC0129004AD76F /* UpdatePasswordViewModel.swift */; };
		0EFF73D82AEC01FA004AD76F /* ProfileViewModel.swift in Sources */ = {isa = PBXBuildFile; fileRef = 0EFF73D72AEC01FA004AD76F /* ProfileViewModel.swift */; };
		0EFF73DA2AEC0230004AD76F /* CreateProfileViewModel.swift in Sources */ = {isa = PBXBuildFile; fileRef = 0EFF73D92AEC0230004AD76F /* CreateProfileViewModel.swift */; };
		0EFF73DC2AEC05D8004AD76F /* ImagePicker.swift in Sources */ = {isa = PBXBuildFile; fileRef = 0EFF73DB2AEC05D8004AD76F /* ImagePicker.swift */; };
/* End PBXBuildFile section */

/* Begin PBXContainerItemProxy section */
		0E4FF5F02AC4D821009FC5F6 /* PBXContainerItemProxy */ = {
			isa = PBXContainerItemProxy;
			containerPortal = 0E4FF5D62AC4D81F009FC5F6 /* Project object */;
			proxyType = 1;
			remoteGlobalIDString = 0E4FF5DD2AC4D81F009FC5F6;
			remoteInfo = "SWEGroup12-Tennis";
		};
		0E4FF5FA2AC4D821009FC5F6 /* PBXContainerItemProxy */ = {
			isa = PBXContainerItemProxy;
			containerPortal = 0E4FF5D62AC4D81F009FC5F6 /* Project object */;
			proxyType = 1;
			remoteGlobalIDString = 0E4FF5DD2AC4D81F009FC5F6;
			remoteInfo = "SWEGroup12-Tennis";
		};
/* End PBXContainerItemProxy section */

/* Begin PBXFileReference section */
		0E330C5F2B03E74B0078D435 /* OtherProfileView.swift */ = {isa = PBXFileReference; lastKnownFileType = sourcecode.swift; name = OtherProfileView.swift; path = "SWEGroup12-Tennis/Core/OtherProfileView.swift"; sourceTree = SOURCE_ROOT; };
		0E330C612B03E7630078D435 /* Match.swift */ = {isa = PBXFileReference; lastKnownFileType = sourcecode.swift; name = Match.swift; path = "SWEGroup12-Tennis/Core/Match.swift"; sourceTree = SOURCE_ROOT; };
		0E330C632B03E80B0078D435 /* MatchesListView.swift */ = {isa = PBXFileReference; lastKnownFileType = sourcecode.swift; name = MatchesListView.swift; path = "SWEGroup12-Tennis/Core/MatchesListView.swift"; sourceTree = SOURCE_ROOT; };
		0E330C652B03E81B0078D435 /* FilterOptionsMenuView.swift */ = {isa = PBXFileReference; lastKnownFileType = sourcecode.swift; name = FilterOptionsMenuView.swift; path = "SWEGroup12-Tennis/Core/FilterOptionsMenuView.swift"; sourceTree = SOURCE_ROOT; };
		0E330C672B03E8280078D435 /* MatchesViewModel.swift */ = {isa = PBXFileReference; lastKnownFileType = sourcecode.swift; name = MatchesViewModel.swift; path = "SWEGroup12-Tennis/Core/MatchesViewModel.swift"; sourceTree = SOURCE_ROOT; };
		0E4FF5DE2AC4D81F009FC5F6 /* SWEGroup12-Tennis.app */ = {isa = PBXFileReference; explicitFileType = wrapper.application; includeInIndex = 0; path = "SWEGroup12-Tennis.app"; sourceTree = BUILT_PRODUCTS_DIR; };
		0E4FF5E12AC4D81F009FC5F6 /* SWEGroup12_TennisApp.swift */ = {isa = PBXFileReference; lastKnownFileType = sourcecode.swift; path = SWEGroup12_TennisApp.swift; sourceTree = "<group>"; };
		0E4FF5E32AC4D81F009FC5F6 /* ContentView.swift */ = {isa = PBXFileReference; lastKnownFileType = sourcecode.swift; path = ContentView.swift; sourceTree = "<group>"; };
		0E4FF5E52AC4D821009FC5F6 /* Assets.xcassets */ = {isa = PBXFileReference; lastKnownFileType = folder.assetcatalog; path = Assets.xcassets; sourceTree = "<group>"; };
		0E4FF5E72AC4D821009FC5F6 /* SWEGroup12_Tennis.entitlements */ = {isa = PBXFileReference; lastKnownFileType = text.plist.entitlements; path = SWEGroup12_Tennis.entitlements; sourceTree = "<group>"; };
		0E4FF5E92AC4D821009FC5F6 /* Preview Assets.xcassets */ = {isa = PBXFileReference; lastKnownFileType = folder.assetcatalog; path = "Preview Assets.xcassets"; sourceTree = "<group>"; };
		0E4FF5EF2AC4D821009FC5F6 /* SWEGroup12-TennisTests.xctest */ = {isa = PBXFileReference; explicitFileType = wrapper.cfbundle; includeInIndex = 0; path = "SWEGroup12-TennisTests.xctest"; sourceTree = BUILT_PRODUCTS_DIR; };
		0E4FF5F32AC4D821009FC5F6 /* SWEGroup12_TennisTests.swift */ = {isa = PBXFileReference; lastKnownFileType = sourcecode.swift; path = SWEGroup12_TennisTests.swift; sourceTree = "<group>"; };
		0E4FF5F92AC4D821009FC5F6 /* SWEGroup12-TennisUITests.xctest */ = {isa = PBXFileReference; explicitFileType = wrapper.cfbundle; includeInIndex = 0; path = "SWEGroup12-TennisUITests.xctest"; sourceTree = BUILT_PRODUCTS_DIR; };
		0E4FF5FD2AC4D821009FC5F6 /* SWEGroup12_TennisUITests.swift */ = {isa = PBXFileReference; lastKnownFileType = sourcecode.swift; path = SWEGroup12_TennisUITests.swift; sourceTree = "<group>"; };
		0E4FF5FF2AC4D821009FC5F6 /* SWEGroup12_TennisUITestsLaunchTests.swift */ = {isa = PBXFileReference; lastKnownFileType = sourcecode.swift; path = SWEGroup12_TennisUITestsLaunchTests.swift; sourceTree = "<group>"; };
		0E4FF60C2AC50E75009FC5F6 /* GoogleService-Info.plist */ = {isa = PBXFileReference; fileEncoding = 4; lastKnownFileType = text.plist.xml; path = "GoogleService-Info.plist"; sourceTree = "<group>"; };
		0E4FF62E2AC65513009FC5F6 /* SelectButton.swift */ = {isa = PBXFileReference; lastKnownFileType = sourcecode.swift; path = SelectButton.swift; sourceTree = "<group>"; };
		0E5489C02AFD73660049BF26 /* DropdownMenu.swift */ = {isa = PBXFileReference; lastKnownFileType = sourcecode.swift; path = DropdownMenu.swift; sourceTree = "<group>"; };
		0E5489C22B01667F0049BF26 /* EmailVerificationView.swift */ = {isa = PBXFileReference; lastKnownFileType = sourcecode.swift; path = EmailVerificationView.swift; sourceTree = "<group>"; };
		0E5489C42B016CA80049BF26 /* EmailVerificationViewModel.swift */ = {isa = PBXFileReference; lastKnownFileType = sourcecode.swift; path = EmailVerificationViewModel.swift; sourceTree = "<group>"; };
		0E7650062AE1EE83001BB4FC /* EditProfileView.swift */ = {isa = PBXFileReference; lastKnownFileType = sourcecode.swift; path = EditProfileView.swift; sourceTree = "<group>"; };
		0E7CD71A2B02E10E002B3848 /* CalendarResManager.swift */ = {isa = PBXFileReference; fileEncoding = 4; lastKnownFileType = sourcecode.swift; path = CalendarResManager.swift; sourceTree = "<group>"; };
		0E7CD71C2B02E114002B3848 /* CalendarResView.swift */ = {isa = PBXFileReference; fileEncoding = 4; lastKnownFileType = sourcecode.swift; path = CalendarResView.swift; sourceTree = "<group>"; };
		0E7CD7212B02E184002B3848 /* CreateNewMessageView.swift */ = {isa = PBXFileReference; fileEncoding = 4; lastKnownFileType = sourcecode.swift; path = CreateNewMessageView.swift; sourceTree = "<group>"; };
		0E7CD7232B02E18A002B3848 /* MainMessagesView.swift */ = {isa = PBXFileReference; fileEncoding = 4; lastKnownFileType = sourcecode.swift; path = MainMessagesView.swift; sourceTree = "<group>"; };
		0E7CD7252B02E1A3002B3848 /* ChatLogView.swift */ = {isa = PBXFileReference; fileEncoding = 4; lastKnownFileType = sourcecode.swift; path = ChatLogView.swift; sourceTree = "<group>"; };
		0E7CD7272B02E1B0002B3848 /* FirebaseConstants.swift */ = {isa = PBXFileReference; fileEncoding = 4; lastKnownFileType = sourcecode.swift; path = FirebaseConstants.swift; sourceTree = "<group>"; };
		0E7CD7292B02E1B8002B3848 /* FirebaseManager.swift */ = {isa = PBXFileReference; fileEncoding = 4; lastKnownFileType = sourcecode.swift; path = FirebaseManager.swift; sourceTree = "<group>"; };
		0E7CD72B2B02E1C7002B3848 /* ChatMessage.swift */ = {isa = PBXFileReference; fileEncoding = 4; lastKnownFileType = sourcecode.swift; path = ChatMessage.swift; sourceTree = "<group>"; };
		0E7CD72D2B02E1CD002B3848 /* ChatUser.swift */ = {isa = PBXFileReference; fileEncoding = 4; lastKnownFileType = sourcecode.swift; path = ChatUser.swift; sourceTree = "<group>"; };
		0E7CD72F2B02E1D3002B3848 /* RecentMessage.swift */ = {isa = PBXFileReference; fileEncoding = 4; lastKnownFileType = sourcecode.swift; path = RecentMessage.swift; sourceTree = "<group>"; };
		0E8036CF2AD5C6B60026F865 /* InputView.swift */ = {isa = PBXFileReference; lastKnownFileType = sourcecode.swift; path = InputView.swift; sourceTree = "<group>"; };
		0E8036D12AD5C6C30026F865 /* SettingsRowView.swift */ = {isa = PBXFileReference; lastKnownFileType = sourcecode.swift; path = SettingsRowView.swift; sourceTree = "<group>"; };
		0E878CB22ADCCF6E00E183BD /* AuthManager.swift */ = {isa = PBXFileReference; fileEncoding = 4; lastKnownFileType = sourcecode.swift; path = AuthManager.swift; sourceTree = "<group>"; };
		0E878CB42ADCD02900E183BD /* SettingsView.swift */ = {isa = PBXFileReference; fileEncoding = 4; lastKnownFileType = sourcecode.swift; path = SettingsView.swift; sourceTree = "<group>"; };
		0E878CB62ADCD03C00E183BD /* LogInView.swift */ = {isa = PBXFileReference; fileEncoding = 4; lastKnownFileType = sourcecode.swift; path = LogInView.swift; sourceTree = "<group>"; };
		0E878CB82ADCD04A00E183BD /* ForgottenPasswordView.swift */ = {isa = PBXFileReference; fileEncoding = 4; lastKnownFileType = sourcecode.swift; path = ForgottenPasswordView.swift; sourceTree = "<group>"; };
		0E878CBA2ADCD05000E183BD /* SignUpView.swift */ = {isa = PBXFileReference; fileEncoding = 4; lastKnownFileType = sourcecode.swift; path = SignUpView.swift; sourceTree = "<group>"; };
		0E878CBC2ADCD05500E183BD /* ProfileView.swift */ = {isa = PBXFileReference; fileEncoding = 4; lastKnownFileType = sourcecode.swift; path = ProfileView.swift; sourceTree = "<group>"; };
		0E878CBE2ADCD05A00E183BD /* CreateProfileView.swift */ = {isa = PBXFileReference; fileEncoding = 4; lastKnownFileType = sourcecode.swift; path = CreateProfileView.swift; sourceTree = "<group>"; };
		0E878CC12ADD724200E183BD /* UserManager.swift */ = {isa = PBXFileReference; lastKnownFileType = sourcecode.swift; path = UserManager.swift; sourceTree = "<group>"; };
		0E8F140E2AF1C227002B28AF /* CustomEditView.swift */ = {isa = PBXFileReference; lastKnownFileType = sourcecode.swift; path = CustomEditView.swift; sourceTree = "<group>"; };
		0E8F14102AF1CFAD002B28AF /* EditProfileViewModel.swift */ = {isa = PBXFileReference; lastKnownFileType = sourcecode.swift; path = EditProfileViewModel.swift; sourceTree = "<group>"; };
		0E8F14132AF1DE39002B28AF /* EditSkillView.swift */ = {isa = PBXFileReference; lastKnownFileType = sourcecode.swift; path = EditSkillView.swift; sourceTree = "<group>"; };
		0E8F14152AF1DE45002B28AF /* EditPlayView.swift */ = {isa = PBXFileReference; lastKnownFileType = sourcecode.swift; path = EditPlayView.swift; sourceTree = "<group>"; };
		0E8F14172AF1DE65002B28AF /* EditAvailabilityView.swift */ = {isa = PBXFileReference; lastKnownFileType = sourcecode.swift; path = EditAvailabilityView.swift; sourceTree = "<group>"; };
		0E8F14192AF2F267002B28AF /* HomeView.swift */ = {isa = PBXFileReference; fileEncoding = 4; lastKnownFileType = sourcecode.swift; path = HomeView.swift; sourceTree = "<group>"; };
		0EAA5CC02AE03B23005EA44F /* UpdatePasswordView.swift */ = {isa = PBXFileReference; lastKnownFileType = sourcecode.swift; path = UpdatePasswordView.swift; sourceTree = "<group>"; };
		0EFF73CD2AEAF1F1004AD76F /* LogInEmailViewModel.swift */ = {isa = PBXFileReference; lastKnownFileType = sourcecode.swift; path = LogInEmailViewModel.swift; sourceTree = "<group>"; };
		0EFF73CF2AEAF2BD004AD76F /* SignUpEmailViewModel.swift */ = {isa = PBXFileReference; lastKnownFileType = sourcecode.swift; path = SignUpEmailViewModel.swift; sourceTree = "<group>"; };
		0EFF73D12AEAF48F004AD76F /* SettingsViewModel.swift */ = {isa = PBXFileReference; lastKnownFileType = sourcecode.swift; path = SettingsViewModel.swift; sourceTree = "<group>"; };
		0EFF73D32AEC010D004AD76F /* ForgottenPasswordViewModel.swift */ = {isa = PBXFileReference; lastKnownFileType = sourcecode.swift; path = ForgottenPasswordViewModel.swift; sourceTree = "<group>"; };
		0EFF73D52AEC0129004AD76F /* UpdatePasswordViewModel.swift */ = {isa = PBXFileReference; lastKnownFileType = sourcecode.swift; path = UpdatePasswordViewModel.swift; sourceTree = "<group>"; };
		0EFF73D72AEC01FA004AD76F /* ProfileViewModel.swift */ = {isa = PBXFileReference; lastKnownFileType = sourcecode.swift; path = ProfileViewModel.swift; sourceTree = "<group>"; };
		0EFF73D92AEC0230004AD76F /* CreateProfileViewModel.swift */ = {isa = PBXFileReference; lastKnownFileType = sourcecode.swift; path = CreateProfileViewModel.swift; sourceTree = "<group>"; };
		0EFF73DB2AEC05D8004AD76F /* ImagePicker.swift */ = {isa = PBXFileReference; lastKnownFileType = sourcecode.swift; path = ImagePicker.swift; sourceTree = "<group>"; };
/* End PBXFileReference section */

/* Begin PBXFrameworksBuildPhase section */
		0E4FF5DB2AC4D81F009FC5F6 /* Frameworks */ = {
			isa = PBXFrameworksBuildPhase;
			buildActionMask = 2147483647;
			files = (
				0E4FF6162AC50F92009FC5F6 /* FirebaseAppCheck in Frameworks */,
				0EBADA862AD43A3400A0F6FB /* FirebaseStorage in Frameworks */,
				0E4FF6182AC51562009FC5F6 /* FirebaseAuth in Frameworks */,
				0E4FF61E2AC51562009FC5F6 /* FirebaseFirestore in Frameworks */,
				0E5489D82B02910B0049BF26 /* SDWebImageSwiftUI in Frameworks */,
				0E4FF6202AC51562009FC5F6 /* FirebaseFirestoreSwift in Frameworks */,
			);
			runOnlyForDeploymentPostprocessing = 0;
		};
		0E4FF5EC2AC4D821009FC5F6 /* Frameworks */ = {
			isa = PBXFrameworksBuildPhase;
			buildActionMask = 2147483647;
			files = (
			);
			runOnlyForDeploymentPostprocessing = 0;
		};
		0E4FF5F62AC4D821009FC5F6 /* Frameworks */ = {
			isa = PBXFrameworksBuildPhase;
			buildActionMask = 2147483647;
			files = (
			);
			runOnlyForDeploymentPostprocessing = 0;
		};
/* End PBXFrameworksBuildPhase section */

/* Begin PBXGroup section */
		0E4FF5D52AC4D81F009FC5F6 = {
			isa = PBXGroup;
			children = (
				0E4FF5E02AC4D81F009FC5F6 /* SWEGroup12-Tennis */,
				0E4FF5F22AC4D821009FC5F6 /* SWEGroup12-TennisTests */,
				0E4FF5FC2AC4D821009FC5F6 /* SWEGroup12-TennisUITests */,
				0E4FF5DF2AC4D81F009FC5F6 /* Products */,
			);
			sourceTree = "<group>";
		};
		0E4FF5DF2AC4D81F009FC5F6 /* Products */ = {
			isa = PBXGroup;
			children = (
				0E4FF5DE2AC4D81F009FC5F6 /* SWEGroup12-Tennis.app */,
				0E4FF5EF2AC4D821009FC5F6 /* SWEGroup12-TennisTests.xctest */,
				0E4FF5F92AC4D821009FC5F6 /* SWEGroup12-TennisUITests.xctest */,
			);
			name = Products;
			sourceTree = "<group>";
		};
		0E4FF5E02AC4D81F009FC5F6 /* SWEGroup12-Tennis */ = {
			isa = PBXGroup;
			children = (
				0E8036CB2AD5C5F50026F865 /* App */,
				0E8036CC2AD5C5FC0026F865 /* Components */,
				0E878CC02ADD71E900E183BD /* Managers */,
				0E8036CD2AD5C6040026F865 /* Core */,
				0E4FF5E52AC4D821009FC5F6 /* Assets.xcassets */,
				0E4FF5E72AC4D821009FC5F6 /* SWEGroup12_Tennis.entitlements */,
				0E4FF60C2AC50E75009FC5F6 /* GoogleService-Info.plist */,
				0E4FF5E82AC4D821009FC5F6 /* Preview Content */,
			);
			path = "SWEGroup12-Tennis";
			sourceTree = "<group>";
		};
		0E4FF5E82AC4D821009FC5F6 /* Preview Content */ = {
			isa = PBXGroup;
			children = (
				0E4FF5E92AC4D821009FC5F6 /* Preview Assets.xcassets */,
			);
			path = "Preview Content";
			sourceTree = "<group>";
		};
		0E4FF5F22AC4D821009FC5F6 /* SWEGroup12-TennisTests */ = {
			isa = PBXGroup;
			children = (
				0E4FF5F32AC4D821009FC5F6 /* SWEGroup12_TennisTests.swift */,
			);
			path = "SWEGroup12-TennisTests";
			sourceTree = "<group>";
		};
		0E4FF5FC2AC4D821009FC5F6 /* SWEGroup12-TennisUITests */ = {
			isa = PBXGroup;
			children = (
				0E4FF5FD2AC4D821009FC5F6 /* SWEGroup12_TennisUITests.swift */,
				0E4FF5FF2AC4D821009FC5F6 /* SWEGroup12_TennisUITestsLaunchTests.swift */,
			);
			path = "SWEGroup12-TennisUITests";
			sourceTree = "<group>";
		};
		0E4FF6212AC52956009FC5F6 /* Authentication */ = {
			isa = PBXGroup;
			children = (
				0E8036DD2AD5CF650026F865 /* View */,
				0E8036DC2AD5CF5E0026F865 /* ViewModel */,
			);
			path = Authentication;
			sourceTree = "<group>";
		};
		0E5489C62B01A3AE0049BF26 /* Matching */ = {
			isa = PBXGroup;
			children = (
				0E330C5F2B03E74B0078D435 /* OtherProfileView.swift */,
				0E330C612B03E7630078D435 /* Match.swift */,
				0E330C632B03E80B0078D435 /* MatchesListView.swift */,
				0E330C652B03E81B0078D435 /* FilterOptionsMenuView.swift */,
				0E330C672B03E8280078D435 /* MatchesViewModel.swift */,
			);
			path = Matching;
			sourceTree = "<group>";
		};
		0E5489C72B01A3BA0049BF26 /* Messaging */ = {
			isa = PBXGroup;
			children = (
				0E7CD7212B02E184002B3848 /* CreateNewMessageView.swift */,
				0E7CD7232B02E18A002B3848 /* MainMessagesView.swift */,
				0E7CD7202B02E174002B3848 /* Model */,
				0E7CD71F2B02E16E002B3848 /* Utils */,
				0E7CD71E2B02E16A002B3848 /* Chat */,
			);
			path = Messaging;
			sourceTree = "<group>";
		};
		0E758EEF2ACF112900737913 /* Profile */ = {
			isa = PBXGroup;
			children = (
				0EFF73C92AEAF16D004AD76F /* View */,
				0EFF73CA2AEAF172004AD76F /* ViewModel */,
			);
			path = Profile;
			sourceTree = "<group>";
		};
		0E7CD71E2B02E16A002B3848 /* Chat */ = {
			isa = PBXGroup;
			children = (
				0E7CD7252B02E1A3002B3848 /* ChatLogView.swift */,
			);
			path = Chat;
			sourceTree = "<group>";
		};
		0E7CD71F2B02E16E002B3848 /* Utils */ = {
			isa = PBXGroup;
			children = (
				0E7CD7272B02E1B0002B3848 /* FirebaseConstants.swift */,
				0E7CD7292B02E1B8002B3848 /* FirebaseManager.swift */,
			);
			path = Utils;
			sourceTree = "<group>";
		};
		0E7CD7202B02E174002B3848 /* Model */ = {
			isa = PBXGroup;
			children = (
				0E7CD72B2B02E1C7002B3848 /* ChatMessage.swift */,
				0E7CD72D2B02E1CD002B3848 /* ChatUser.swift */,
				0E7CD72F2B02E1D3002B3848 /* RecentMessage.swift */,
			);
			path = Model;
			sourceTree = "<group>";
		};
		0E8036CB2AD5C5F50026F865 /* App */ = {
			isa = PBXGroup;
			children = (
				0E4FF5E12AC4D81F009FC5F6 /* SWEGroup12_TennisApp.swift */,
			);
			path = App;
			sourceTree = "<group>";
		};
		0E8036CC2AD5C5FC0026F865 /* Components */ = {
			isa = PBXGroup;
			children = (
				0E8036CF2AD5C6B60026F865 /* InputView.swift */,
				0E8036D12AD5C6C30026F865 /* SettingsRowView.swift */,
				0E4FF62E2AC65513009FC5F6 /* SelectButton.swift */,
				0EFF73DB2AEC05D8004AD76F /* ImagePicker.swift */,
				0E5489C02AFD73660049BF26 /* DropdownMenu.swift */,
			);
			path = Components;
			sourceTree = "<group>";
		};
		0E8036CD2AD5C6040026F865 /* Core */ = {
			isa = PBXGroup;
			children = (
				0E5489C72B01A3BA0049BF26 /* Messaging */,
				0E5489C62B01A3AE0049BF26 /* Matching */,
				0E8F141F2AF487AC002B28AF /* Calendar */,
				0E4FF6212AC52956009FC5F6 /* Authentication */,
				0E758EEF2ACF112900737913 /* Profile */,
				0E8036D52AD5CD260026F865 /* Root */,
			);
			path = Core;
			sourceTree = "<group>";
		};
		0E8036D52AD5CD260026F865 /* Root */ = {
			isa = PBXGroup;
			children = (
				0E4FF5E32AC4D81F009FC5F6 /* ContentView.swift */,
				0E8F14192AF2F267002B28AF /* HomeView.swift */,
			);
			path = Root;
			sourceTree = "<group>";
		};
		0E8036DC2AD5CF5E0026F865 /* ViewModel */ = {
			isa = PBXGroup;
			children = (
				0EFF73CD2AEAF1F1004AD76F /* LogInEmailViewModel.swift */,
				0EFF73CF2AEAF2BD004AD76F /* SignUpEmailViewModel.swift */,
				0EFF73D12AEAF48F004AD76F /* SettingsViewModel.swift */,
				0EFF73D32AEC010D004AD76F /* ForgottenPasswordViewModel.swift */,
				0EFF73D52AEC0129004AD76F /* UpdatePasswordViewModel.swift */,
				0E5489C42B016CA80049BF26 /* EmailVerificationViewModel.swift */,
			);
			path = ViewModel;
			sourceTree = "<group>";
		};
		0E8036DD2AD5CF650026F865 /* View */ = {
			isa = PBXGroup;
			children = (
				0E878CB62ADCD03C00E183BD /* LogInView.swift */,
				0E878CBA2ADCD05000E183BD /* SignUpView.swift */,
				0E878CB42ADCD02900E183BD /* SettingsView.swift */,
				0E878CB82ADCD04A00E183BD /* ForgottenPasswordView.swift */,
				0EAA5CC02AE03B23005EA44F /* UpdatePasswordView.swift */,
				0E5489C22B01667F0049BF26 /* EmailVerificationView.swift */,
			);
			path = View;
			sourceTree = "<group>";
		};
		0E878CC02ADD71E900E183BD /* Managers */ = {
			isa = PBXGroup;
			children = (
				0E878CB22ADCCF6E00E183BD /* AuthManager.swift */,
				0E878CC12ADD724200E183BD /* UserManager.swift */,
			);
			path = Managers;
			sourceTree = "<group>";
		};
		0E8F14122AF1D5B9002B28AF /* Edit Views */ = {
			isa = PBXGroup;
			children = (
				0E8F140E2AF1C227002B28AF /* CustomEditView.swift */,
				0E8F14132AF1DE39002B28AF /* EditSkillView.swift */,
				0E8F14152AF1DE45002B28AF /* EditPlayView.swift */,
				0E8F14172AF1DE65002B28AF /* EditAvailabilityView.swift */,
			);
			path = "Edit Views";
			sourceTree = "<group>";
		};
		0E8F141F2AF487AC002B28AF /* Calendar */ = {
			isa = PBXGroup;
			children = (
				0E7CD71A2B02E10E002B3848 /* CalendarResManager.swift */,
				0E7CD71C2B02E114002B3848 /* CalendarResView.swift */,
			);
			path = Calendar;
			sourceTree = "<group>";
		};
		0EFF73C92AEAF16D004AD76F /* View */ = {
			isa = PBXGroup;
			children = (
				0E878CBC2ADCD05500E183BD /* ProfileView.swift */,
				0E878CBE2ADCD05A00E183BD /* CreateProfileView.swift */,
				0E7650062AE1EE83001BB4FC /* EditProfileView.swift */,
				0E8F14122AF1D5B9002B28AF /* Edit Views */,
			);
			path = View;
			sourceTree = "<group>";
		};
		0EFF73CA2AEAF172004AD76F /* ViewModel */ = {
			isa = PBXGroup;
			children = (
				0EFF73D72AEC01FA004AD76F /* ProfileViewModel.swift */,
				0EFF73D92AEC0230004AD76F /* CreateProfileViewModel.swift */,
				0E8F14102AF1CFAD002B28AF /* EditProfileViewModel.swift */,
			);
			path = ViewModel;
			sourceTree = "<group>";
		};
/* End PBXGroup section */

/* Begin PBXNativeTarget section */
		0E4FF5DD2AC4D81F009FC5F6 /* SWEGroup12-Tennis */ = {
			isa = PBXNativeTarget;
			buildConfigurationList = 0E4FF6032AC4D821009FC5F6 /* Build configuration list for PBXNativeTarget "SWEGroup12-Tennis" */;
			buildPhases = (
				0E4FF5DA2AC4D81F009FC5F6 /* Sources */,
				0E4FF5DB2AC4D81F009FC5F6 /* Frameworks */,
				0E4FF5DC2AC4D81F009FC5F6 /* Resources */,
			);
			buildRules = (
			);
			dependencies = (
			);
			name = "SWEGroup12-Tennis";
			packageProductDependencies = (
				0E4FF6152AC50F92009FC5F6 /* FirebaseAppCheck */,
				0E4FF6172AC51562009FC5F6 /* FirebaseAuth */,
				0E4FF61D2AC51562009FC5F6 /* FirebaseFirestore */,
				0E4FF61F2AC51562009FC5F6 /* FirebaseFirestoreSwift */,
				0EBADA852AD43A3400A0F6FB /* FirebaseStorage */,
				0E5489D72B02910B0049BF26 /* SDWebImageSwiftUI */,
			);
			productName = "SWEGroup12-Tennis";
			productReference = 0E4FF5DE2AC4D81F009FC5F6 /* SWEGroup12-Tennis.app */;
			productType = "com.apple.product-type.application";
		};
		0E4FF5EE2AC4D821009FC5F6 /* SWEGroup12-TennisTests */ = {
			isa = PBXNativeTarget;
			buildConfigurationList = 0E4FF6062AC4D821009FC5F6 /* Build configuration list for PBXNativeTarget "SWEGroup12-TennisTests" */;
			buildPhases = (
				0E4FF5EB2AC4D821009FC5F6 /* Sources */,
				0E4FF5EC2AC4D821009FC5F6 /* Frameworks */,
				0E4FF5ED2AC4D821009FC5F6 /* Resources */,
			);
			buildRules = (
			);
			dependencies = (
				0E4FF5F12AC4D821009FC5F6 /* PBXTargetDependency */,
			);
			name = "SWEGroup12-TennisTests";
			productName = "SWEGroup12-TennisTests";
			productReference = 0E4FF5EF2AC4D821009FC5F6 /* SWEGroup12-TennisTests.xctest */;
			productType = "com.apple.product-type.bundle.unit-test";
		};
		0E4FF5F82AC4D821009FC5F6 /* SWEGroup12-TennisUITests */ = {
			isa = PBXNativeTarget;
			buildConfigurationList = 0E4FF6092AC4D821009FC5F6 /* Build configuration list for PBXNativeTarget "SWEGroup12-TennisUITests" */;
			buildPhases = (
				0E4FF5F52AC4D821009FC5F6 /* Sources */,
				0E4FF5F62AC4D821009FC5F6 /* Frameworks */,
				0E4FF5F72AC4D821009FC5F6 /* Resources */,
			);
			buildRules = (
			);
			dependencies = (
				0E4FF5FB2AC4D821009FC5F6 /* PBXTargetDependency */,
			);
			name = "SWEGroup12-TennisUITests";
			productName = "SWEGroup12-TennisUITests";
			productReference = 0E4FF5F92AC4D821009FC5F6 /* SWEGroup12-TennisUITests.xctest */;
			productType = "com.apple.product-type.bundle.ui-testing";
		};
/* End PBXNativeTarget section */

/* Begin PBXProject section */
		0E4FF5D62AC4D81F009FC5F6 /* Project object */ = {
			isa = PBXProject;
			attributes = {
				BuildIndependentTargetsInParallel = 1;
				LastSwiftUpdateCheck = 1500;
				LastUpgradeCheck = 1500;
				TargetAttributes = {
					0E4FF5DD2AC4D81F009FC5F6 = {
						CreatedOnToolsVersion = 15.0;
					};
					0E4FF5EE2AC4D821009FC5F6 = {
						CreatedOnToolsVersion = 15.0;
						TestTargetID = 0E4FF5DD2AC4D81F009FC5F6;
					};
					0E4FF5F82AC4D821009FC5F6 = {
						CreatedOnToolsVersion = 15.0;
						TestTargetID = 0E4FF5DD2AC4D81F009FC5F6;
					};
				};
			};
			buildConfigurationList = 0E4FF5D92AC4D81F009FC5F6 /* Build configuration list for PBXProject "SWEGroup12-Tennis" */;
			compatibilityVersion = "Xcode 14.0";
			developmentRegion = en;
			hasScannedForEncodings = 0;
			knownRegions = (
				en,
				Base,
			);
			mainGroup = 0E4FF5D52AC4D81F009FC5F6;
			packageReferences = (
				0E4FF60E2AC50F92009FC5F6 /* XCRemoteSwiftPackageReference "firebase-ios-sdk" */,
				0E5489D62B02910B0049BF26 /* XCRemoteSwiftPackageReference "SDWebImageSwiftUI" */,
			);
			productRefGroup = 0E4FF5DF2AC4D81F009FC5F6 /* Products */;
			projectDirPath = "";
			projectRoot = "";
			targets = (
				0E4FF5DD2AC4D81F009FC5F6 /* SWEGroup12-Tennis */,
				0E4FF5EE2AC4D821009FC5F6 /* SWEGroup12-TennisTests */,
				0E4FF5F82AC4D821009FC5F6 /* SWEGroup12-TennisUITests */,
			);
		};
/* End PBXProject section */

/* Begin PBXResourcesBuildPhase section */
		0E4FF5DC2AC4D81F009FC5F6 /* Resources */ = {
			isa = PBXResourcesBuildPhase;
			buildActionMask = 2147483647;
			files = (
				0E4FF5EA2AC4D821009FC5F6 /* Preview Assets.xcassets in Resources */,
				0E4FF5E62AC4D821009FC5F6 /* Assets.xcassets in Resources */,
				0E4FF60D2AC50E75009FC5F6 /* GoogleService-Info.plist in Resources */,
			);
			runOnlyForDeploymentPostprocessing = 0;
		};
		0E4FF5ED2AC4D821009FC5F6 /* Resources */ = {
			isa = PBXResourcesBuildPhase;
			buildActionMask = 2147483647;
			files = (
			);
			runOnlyForDeploymentPostprocessing = 0;
		};
		0E4FF5F72AC4D821009FC5F6 /* Resources */ = {
			isa = PBXResourcesBuildPhase;
			buildActionMask = 2147483647;
			files = (
			);
			runOnlyForDeploymentPostprocessing = 0;
		};
/* End PBXResourcesBuildPhase section */

/* Begin PBXSourcesBuildPhase section */
		0E4FF5DA2AC4D81F009FC5F6 /* Sources */ = {
			isa = PBXSourcesBuildPhase;
			buildActionMask = 2147483647;
			files = (
				0EFF73DA2AEC0230004AD76F /* CreateProfileViewModel.swift in Sources */,
				0E7650072AE1EE84001BB4FC /* EditProfileView.swift in Sources */,
				0EFF73CE2AEAF1F1004AD76F /* LogInEmailViewModel.swift in Sources */,
				0E7CD7302B02E1D3002B3848 /* RecentMessage.swift in Sources */,
				0EFF73D02AEAF2BD004AD76F /* SignUpEmailViewModel.swift in Sources */,
				0E7CD72A2B02E1B8002B3848 /* FirebaseManager.swift in Sources */,
				0E878CB92ADCD04A00E183BD /* ForgottenPasswordView.swift in Sources */,
				0E7CD71D2B02E114002B3848 /* CalendarResView.swift in Sources */,
				0E878CB52ADCD02900E183BD /* SettingsView.swift in Sources */,
				0EFF73D42AEC010D004AD76F /* ForgottenPasswordViewModel.swift in Sources */,
				0E7CD72E2B02E1CD002B3848 /* ChatUser.swift in Sources */,
				0E330C662B03E81B0078D435 /* FilterOptionsMenuView.swift in Sources */,
				0E8F14112AF1CFAD002B28AF /* EditProfileViewModel.swift in Sources */,
				0EFF73D82AEC01FA004AD76F /* ProfileViewModel.swift in Sources */,
				0E7CD7262B02E1A3002B3848 /* ChatLogView.swift in Sources */,
				0EAA5CC12AE03B24005EA44F /* UpdatePasswordView.swift in Sources */,
				0E5489C12AFD73660049BF26 /* DropdownMenu.swift in Sources */,
				0E5489C32B01667F0049BF26 /* EmailVerificationView.swift in Sources */,
				0E330C602B03E74B0078D435 /* OtherProfileView.swift in Sources */,
				0E7CD72C2B02E1C7002B3848 /* ChatMessage.swift in Sources */,
				0E8036D02AD5C6B60026F865 /* InputView.swift in Sources */,
				0E878CC22ADD724200E183BD /* UserManager.swift in Sources */,
				0E8F141A2AF2F267002B28AF /* HomeView.swift in Sources */,
				0E7CD7222B02E184002B3848 /* CreateNewMessageView.swift in Sources */,
				0E8F14142AF1DE39002B28AF /* EditSkillView.swift in Sources */,
				0E878CB32ADCCF6E00E183BD /* AuthManager.swift in Sources */,
				0E7CD7242B02E18A002B3848 /* MainMessagesView.swift in Sources */,
				0E330C642B03E80B0078D435 /* MatchesListView.swift in Sources */,
				0E4FF62F2AC65513009FC5F6 /* SelectButton.swift in Sources */,
				0EFF73DC2AEC05D8004AD76F /* ImagePicker.swift in Sources */,
				0E4FF5E42AC4D81F009FC5F6 /* ContentView.swift in Sources */,
				0E8F140F2AF1C227002B28AF /* CustomEditView.swift in Sources */,
				0E8F14162AF1DE45002B28AF /* EditPlayView.swift in Sources */,
				0E330C682B03E8280078D435 /* MatchesViewModel.swift in Sources */,
				0E878CBF2ADCD05A00E183BD /* CreateProfileView.swift in Sources */,
				0E330C622B03E7630078D435 /* Match.swift in Sources */,
				0E878CBB2ADCD05000E183BD /* SignUpView.swift in Sources */,
				0E7CD7282B02E1B0002B3848 /* FirebaseConstants.swift in Sources */,
				0E5489C52B016CA80049BF26 /* EmailVerificationViewModel.swift in Sources */,
				0E8036D22AD5C6C30026F865 /* SettingsRowView.swift in Sources */,
				0E878CB72ADCD03C00E183BD /* LogInView.swift in Sources */,
				0E878CBD2ADCD05500E183BD /* ProfileView.swift in Sources */,
				0E4FF5E22AC4D81F009FC5F6 /* SWEGroup12_TennisApp.swift in Sources */,
				0E8F14182AF1DE65002B28AF /* EditAvailabilityView.swift in Sources */,
				0EFF73D62AEC0129004AD76F /* UpdatePasswordViewModel.swift in Sources */,
				0EFF73D22AEAF48F004AD76F /* SettingsViewModel.swift in Sources */,
				0E7CD71B2B02E10F002B3848 /* CalendarResManager.swift in Sources */,
			);
			runOnlyForDeploymentPostprocessing = 0;
		};
		0E4FF5EB2AC4D821009FC5F6 /* Sources */ = {
			isa = PBXSourcesBuildPhase;
			buildActionMask = 2147483647;
			files = (
				0E4FF5F42AC4D821009FC5F6 /* SWEGroup12_TennisTests.swift in Sources */,
			);
			runOnlyForDeploymentPostprocessing = 0;
		};
		0E4FF5F52AC4D821009FC5F6 /* Sources */ = {
			isa = PBXSourcesBuildPhase;
			buildActionMask = 2147483647;
			files = (
				0E4FF6002AC4D821009FC5F6 /* SWEGroup12_TennisUITestsLaunchTests.swift in Sources */,
				0E4FF5FE2AC4D821009FC5F6 /* SWEGroup12_TennisUITests.swift in Sources */,
			);
			runOnlyForDeploymentPostprocessing = 0;
		};
/* End PBXSourcesBuildPhase section */

/* Begin PBXTargetDependency section */
		0E4FF5F12AC4D821009FC5F6 /* PBXTargetDependency */ = {
			isa = PBXTargetDependency;
			target = 0E4FF5DD2AC4D81F009FC5F6 /* SWEGroup12-Tennis */;
			targetProxy = 0E4FF5F02AC4D821009FC5F6 /* PBXContainerItemProxy */;
		};
		0E4FF5FB2AC4D821009FC5F6 /* PBXTargetDependency */ = {
			isa = PBXTargetDependency;
			target = 0E4FF5DD2AC4D81F009FC5F6 /* SWEGroup12-Tennis */;
			targetProxy = 0E4FF5FA2AC4D821009FC5F6 /* PBXContainerItemProxy */;
		};
/* End PBXTargetDependency section */

/* Begin XCBuildConfiguration section */
		0E4FF6012AC4D821009FC5F6 /* Debug */ = {
			isa = XCBuildConfiguration;
			buildSettings = {
				ALWAYS_SEARCH_USER_PATHS = NO;
				ASSETCATALOG_COMPILER_GENERATE_SWIFT_ASSET_SYMBOL_EXTENSIONS = YES;
				CLANG_ANALYZER_NONNULL = YES;
				CLANG_ANALYZER_NUMBER_OBJECT_CONVERSION = YES_AGGRESSIVE;
				CLANG_CXX_LANGUAGE_STANDARD = "gnu++20";
				CLANG_ENABLE_MODULES = YES;
				CLANG_ENABLE_OBJC_ARC = YES;
				CLANG_ENABLE_OBJC_WEAK = YES;
				CLANG_WARN_BLOCK_CAPTURE_AUTORELEASING = YES;
				CLANG_WARN_BOOL_CONVERSION = YES;
				CLANG_WARN_COMMA = YES;
				CLANG_WARN_CONSTANT_CONVERSION = YES;
				CLANG_WARN_DEPRECATED_OBJC_IMPLEMENTATIONS = YES;
				CLANG_WARN_DIRECT_OBJC_ISA_USAGE = YES_ERROR;
				CLANG_WARN_DOCUMENTATION_COMMENTS = YES;
				CLANG_WARN_EMPTY_BODY = YES;
				CLANG_WARN_ENUM_CONVERSION = YES;
				CLANG_WARN_INFINITE_RECURSION = YES;
				CLANG_WARN_INT_CONVERSION = YES;
				CLANG_WARN_NON_LITERAL_NULL_CONVERSION = YES;
				CLANG_WARN_OBJC_IMPLICIT_RETAIN_SELF = YES;
				CLANG_WARN_OBJC_LITERAL_CONVERSION = YES;
				CLANG_WARN_OBJC_ROOT_CLASS = YES_ERROR;
				CLANG_WARN_QUOTED_INCLUDE_IN_FRAMEWORK_HEADER = YES;
				CLANG_WARN_RANGE_LOOP_ANALYSIS = YES;
				CLANG_WARN_STRICT_PROTOTYPES = YES;
				CLANG_WARN_SUSPICIOUS_MOVE = YES;
				CLANG_WARN_UNGUARDED_AVAILABILITY = YES_AGGRESSIVE;
				CLANG_WARN_UNREACHABLE_CODE = YES;
				CLANG_WARN__DUPLICATE_METHOD_MATCH = YES;
				COPY_PHASE_STRIP = NO;
				DEBUG_INFORMATION_FORMAT = dwarf;
				ENABLE_STRICT_OBJC_MSGSEND = YES;
				ENABLE_TESTABILITY = YES;
				ENABLE_USER_SCRIPT_SANDBOXING = YES;
				GCC_C_LANGUAGE_STANDARD = gnu17;
				GCC_DYNAMIC_NO_PIC = NO;
				GCC_NO_COMMON_BLOCKS = YES;
				GCC_OPTIMIZATION_LEVEL = 0;
				GCC_PREPROCESSOR_DEFINITIONS = (
					"DEBUG=1",
					"$(inherited)",
				);
				GCC_WARN_64_TO_32_BIT_CONVERSION = YES;
				GCC_WARN_ABOUT_RETURN_TYPE = YES_ERROR;
				GCC_WARN_UNDECLARED_SELECTOR = YES;
				GCC_WARN_UNINITIALIZED_AUTOS = YES_AGGRESSIVE;
				GCC_WARN_UNUSED_FUNCTION = YES;
				GCC_WARN_UNUSED_VARIABLE = YES;
				LOCALIZATION_PREFERS_STRING_CATALOGS = YES;
				MTL_ENABLE_DEBUG_INFO = INCLUDE_SOURCE;
				MTL_FAST_MATH = YES;
				ONLY_ACTIVE_ARCH = YES;
				SWIFT_ACTIVE_COMPILATION_CONDITIONS = "DEBUG $(inherited)";
				SWIFT_OPTIMIZATION_LEVEL = "-Onone";
			};
			name = Debug;
		};
		0E4FF6022AC4D821009FC5F6 /* Release */ = {
			isa = XCBuildConfiguration;
			buildSettings = {
				ALWAYS_SEARCH_USER_PATHS = NO;
				ASSETCATALOG_COMPILER_GENERATE_SWIFT_ASSET_SYMBOL_EXTENSIONS = YES;
				CLANG_ANALYZER_NONNULL = YES;
				CLANG_ANALYZER_NUMBER_OBJECT_CONVERSION = YES_AGGRESSIVE;
				CLANG_CXX_LANGUAGE_STANDARD = "gnu++20";
				CLANG_ENABLE_MODULES = YES;
				CLANG_ENABLE_OBJC_ARC = YES;
				CLANG_ENABLE_OBJC_WEAK = YES;
				CLANG_WARN_BLOCK_CAPTURE_AUTORELEASING = YES;
				CLANG_WARN_BOOL_CONVERSION = YES;
				CLANG_WARN_COMMA = YES;
				CLANG_WARN_CONSTANT_CONVERSION = YES;
				CLANG_WARN_DEPRECATED_OBJC_IMPLEMENTATIONS = YES;
				CLANG_WARN_DIRECT_OBJC_ISA_USAGE = YES_ERROR;
				CLANG_WARN_DOCUMENTATION_COMMENTS = YES;
				CLANG_WARN_EMPTY_BODY = YES;
				CLANG_WARN_ENUM_CONVERSION = YES;
				CLANG_WARN_INFINITE_RECURSION = YES;
				CLANG_WARN_INT_CONVERSION = YES;
				CLANG_WARN_NON_LITERAL_NULL_CONVERSION = YES;
				CLANG_WARN_OBJC_IMPLICIT_RETAIN_SELF = YES;
				CLANG_WARN_OBJC_LITERAL_CONVERSION = YES;
				CLANG_WARN_OBJC_ROOT_CLASS = YES_ERROR;
				CLANG_WARN_QUOTED_INCLUDE_IN_FRAMEWORK_HEADER = YES;
				CLANG_WARN_RANGE_LOOP_ANALYSIS = YES;
				CLANG_WARN_STRICT_PROTOTYPES = YES;
				CLANG_WARN_SUSPICIOUS_MOVE = YES;
				CLANG_WARN_UNGUARDED_AVAILABILITY = YES_AGGRESSIVE;
				CLANG_WARN_UNREACHABLE_CODE = YES;
				CLANG_WARN__DUPLICATE_METHOD_MATCH = YES;
				COPY_PHASE_STRIP = NO;
				DEBUG_INFORMATION_FORMAT = "dwarf-with-dsym";
				ENABLE_NS_ASSERTIONS = NO;
				ENABLE_STRICT_OBJC_MSGSEND = YES;
				ENABLE_USER_SCRIPT_SANDBOXING = YES;
				GCC_C_LANGUAGE_STANDARD = gnu17;
				GCC_NO_COMMON_BLOCKS = YES;
				GCC_WARN_64_TO_32_BIT_CONVERSION = YES;
				GCC_WARN_ABOUT_RETURN_TYPE = YES_ERROR;
				GCC_WARN_UNDECLARED_SELECTOR = YES;
				GCC_WARN_UNINITIALIZED_AUTOS = YES_AGGRESSIVE;
				GCC_WARN_UNUSED_FUNCTION = YES;
				GCC_WARN_UNUSED_VARIABLE = YES;
				LOCALIZATION_PREFERS_STRING_CATALOGS = YES;
				MTL_ENABLE_DEBUG_INFO = NO;
				MTL_FAST_MATH = YES;
				SWIFT_COMPILATION_MODE = wholemodule;
			};
			name = Release;
		};
		0E4FF6042AC4D821009FC5F6 /* Debug */ = {
			isa = XCBuildConfiguration;
			buildSettings = {
				ASSETCATALOG_COMPILER_APPICON_NAME = AppIcon;
				ASSETCATALOG_COMPILER_GLOBAL_ACCENT_COLOR_NAME = AccentColor;
				CODE_SIGN_ENTITLEMENTS = "SWEGroup12-Tennis/SWEGroup12_Tennis.entitlements";
				CODE_SIGN_STYLE = Automatic;
				CURRENT_PROJECT_VERSION = 1;
				DEVELOPMENT_ASSET_PATHS = "\"SWEGroup12-Tennis/Preview Content\"";
				ENABLE_PREVIEWS = YES;
				GENERATE_INFOPLIST_FILE = YES;
				"INFOPLIST_KEY_UIApplicationSceneManifest_Generation[sdk=iphoneos*]" = YES;
				"INFOPLIST_KEY_UIApplicationSceneManifest_Generation[sdk=iphonesimulator*]" = YES;
				"INFOPLIST_KEY_UIApplicationSupportsIndirectInputEvents[sdk=iphoneos*]" = YES;
				"INFOPLIST_KEY_UIApplicationSupportsIndirectInputEvents[sdk=iphonesimulator*]" = YES;
				"INFOPLIST_KEY_UILaunchScreen_Generation[sdk=iphoneos*]" = YES;
				"INFOPLIST_KEY_UILaunchScreen_Generation[sdk=iphonesimulator*]" = YES;
				"INFOPLIST_KEY_UIStatusBarStyle[sdk=iphoneos*]" = UIStatusBarStyleDefault;
				"INFOPLIST_KEY_UIStatusBarStyle[sdk=iphonesimulator*]" = UIStatusBarStyleDefault;
				INFOPLIST_KEY_UISupportedInterfaceOrientations_iPad = "UIInterfaceOrientationPortrait UIInterfaceOrientationPortraitUpsideDown UIInterfaceOrientationLandscapeLeft UIInterfaceOrientationLandscapeRight";
				INFOPLIST_KEY_UISupportedInterfaceOrientations_iPhone = "UIInterfaceOrientationPortrait UIInterfaceOrientationLandscapeLeft UIInterfaceOrientationLandscapeRight";
				IPHONEOS_DEPLOYMENT_TARGET = 17.0;
				LD_RUNPATH_SEARCH_PATHS = "@executable_path/Frameworks";
				"LD_RUNPATH_SEARCH_PATHS[sdk=macosx*]" = "@executable_path/../Frameworks";
				MACOSX_DEPLOYMENT_TARGET = 13.5;
				MARKETING_VERSION = 1.0;
				PRODUCT_BUNDLE_IDENTIFIER = "SWEGroup12.SWEGroup12-Tennis";
				PRODUCT_NAME = "$(TARGET_NAME)";
				SDKROOT = auto;
				SUPPORTED_PLATFORMS = "iphoneos iphonesimulator macosx";
				SWIFT_EMIT_LOC_STRINGS = YES;
				SWIFT_VERSION = 5.0;
				TARGETED_DEVICE_FAMILY = "1,2";
			};
			name = Debug;
		};
		0E4FF6052AC4D821009FC5F6 /* Release */ = {
			isa = XCBuildConfiguration;
			buildSettings = {
				ASSETCATALOG_COMPILER_APPICON_NAME = AppIcon;
				ASSETCATALOG_COMPILER_GLOBAL_ACCENT_COLOR_NAME = AccentColor;
				CODE_SIGN_ENTITLEMENTS = "SWEGroup12-Tennis/SWEGroup12_Tennis.entitlements";
				CODE_SIGN_STYLE = Automatic;
				CURRENT_PROJECT_VERSION = 1;
				DEVELOPMENT_ASSET_PATHS = "\"SWEGroup12-Tennis/Preview Content\"";
				ENABLE_PREVIEWS = YES;
				GENERATE_INFOPLIST_FILE = YES;
				"INFOPLIST_KEY_UIApplicationSceneManifest_Generation[sdk=iphoneos*]" = YES;
				"INFOPLIST_KEY_UIApplicationSceneManifest_Generation[sdk=iphonesimulator*]" = YES;
				"INFOPLIST_KEY_UIApplicationSupportsIndirectInputEvents[sdk=iphoneos*]" = YES;
				"INFOPLIST_KEY_UIApplicationSupportsIndirectInputEvents[sdk=iphonesimulator*]" = YES;
				"INFOPLIST_KEY_UILaunchScreen_Generation[sdk=iphoneos*]" = YES;
				"INFOPLIST_KEY_UILaunchScreen_Generation[sdk=iphonesimulator*]" = YES;
				"INFOPLIST_KEY_UIStatusBarStyle[sdk=iphoneos*]" = UIStatusBarStyleDefault;
				"INFOPLIST_KEY_UIStatusBarStyle[sdk=iphonesimulator*]" = UIStatusBarStyleDefault;
				INFOPLIST_KEY_UISupportedInterfaceOrientations_iPad = "UIInterfaceOrientationPortrait UIInterfaceOrientationPortraitUpsideDown UIInterfaceOrientationLandscapeLeft UIInterfaceOrientationLandscapeRight";
				INFOPLIST_KEY_UISupportedInterfaceOrientations_iPhone = "UIInterfaceOrientationPortrait UIInterfaceOrientationLandscapeLeft UIInterfaceOrientationLandscapeRight";
				IPHONEOS_DEPLOYMENT_TARGET = 17.0;
				LD_RUNPATH_SEARCH_PATHS = "@executable_path/Frameworks";
				"LD_RUNPATH_SEARCH_PATHS[sdk=macosx*]" = "@executable_path/../Frameworks";
				MACOSX_DEPLOYMENT_TARGET = 13.5;
				MARKETING_VERSION = 1.0;
				PRODUCT_BUNDLE_IDENTIFIER = "SWEGroup12.SWEGroup12-Tennis";
				PRODUCT_NAME = "$(TARGET_NAME)";
				SDKROOT = auto;
				SUPPORTED_PLATFORMS = "iphoneos iphonesimulator macosx";
				SWIFT_EMIT_LOC_STRINGS = YES;
				SWIFT_VERSION = 5.0;
				TARGETED_DEVICE_FAMILY = "1,2";
			};
			name = Release;
		};
		0E4FF6072AC4D821009FC5F6 /* Debug */ = {
			isa = XCBuildConfiguration;
			buildSettings = {
				ALWAYS_EMBED_SWIFT_STANDARD_LIBRARIES = YES;
				BUNDLE_LOADER = "$(TEST_HOST)";
				CODE_SIGN_STYLE = Automatic;
				CURRENT_PROJECT_VERSION = 1;
				GENERATE_INFOPLIST_FILE = YES;
				IPHONEOS_DEPLOYMENT_TARGET = 17.0;
				MACOSX_DEPLOYMENT_TARGET = 13.5;
				MARKETING_VERSION = 1.0;
				PRODUCT_BUNDLE_IDENTIFIER = "SWEGroup12.SWEGroup12-TennisTests";
				PRODUCT_NAME = "$(TARGET_NAME)";
				SDKROOT = auto;
				SUPPORTED_PLATFORMS = "iphoneos iphonesimulator macosx";
				SWIFT_EMIT_LOC_STRINGS = NO;
				SWIFT_VERSION = 5.0;
				TARGETED_DEVICE_FAMILY = "1,2";
				TEST_HOST = "$(BUILT_PRODUCTS_DIR)/SWEGroup12-Tennis.app/$(BUNDLE_EXECUTABLE_FOLDER_PATH)/SWEGroup12-Tennis";
			};
			name = Debug;
		};
		0E4FF6082AC4D821009FC5F6 /* Release */ = {
			isa = XCBuildConfiguration;
			buildSettings = {
				ALWAYS_EMBED_SWIFT_STANDARD_LIBRARIES = YES;
				BUNDLE_LOADER = "$(TEST_HOST)";
				CODE_SIGN_STYLE = Automatic;
				CURRENT_PROJECT_VERSION = 1;
				GENERATE_INFOPLIST_FILE = YES;
				IPHONEOS_DEPLOYMENT_TARGET = 17.0;
				MACOSX_DEPLOYMENT_TARGET = 13.5;
				MARKETING_VERSION = 1.0;
				PRODUCT_BUNDLE_IDENTIFIER = "SWEGroup12.SWEGroup12-TennisTests";
				PRODUCT_NAME = "$(TARGET_NAME)";
				SDKROOT = auto;
				SUPPORTED_PLATFORMS = "iphoneos iphonesimulator macosx";
				SWIFT_EMIT_LOC_STRINGS = NO;
				SWIFT_VERSION = 5.0;
				TARGETED_DEVICE_FAMILY = "1,2";
				TEST_HOST = "$(BUILT_PRODUCTS_DIR)/SWEGroup12-Tennis.app/$(BUNDLE_EXECUTABLE_FOLDER_PATH)/SWEGroup12-Tennis";
			};
			name = Release;
		};
		0E4FF60A2AC4D821009FC5F6 /* Debug */ = {
			isa = XCBuildConfiguration;
			buildSettings = {
				ALWAYS_EMBED_SWIFT_STANDARD_LIBRARIES = YES;
				CODE_SIGN_STYLE = Automatic;
				CURRENT_PROJECT_VERSION = 1;
				GENERATE_INFOPLIST_FILE = YES;
				IPHONEOS_DEPLOYMENT_TARGET = 17.0;
				MACOSX_DEPLOYMENT_TARGET = 13.5;
				MARKETING_VERSION = 1.0;
				PRODUCT_BUNDLE_IDENTIFIER = "SWEGroup12.SWEGroup12-TennisUITests";
				PRODUCT_NAME = "$(TARGET_NAME)";
				SDKROOT = auto;
				SUPPORTED_PLATFORMS = "iphoneos iphonesimulator macosx";
				SWIFT_EMIT_LOC_STRINGS = NO;
				SWIFT_VERSION = 5.0;
				TARGETED_DEVICE_FAMILY = "1,2";
				TEST_TARGET_NAME = "SWEGroup12-Tennis";
			};
			name = Debug;
		};
		0E4FF60B2AC4D821009FC5F6 /* Release */ = {
			isa = XCBuildConfiguration;
			buildSettings = {
				ALWAYS_EMBED_SWIFT_STANDARD_LIBRARIES = YES;
				CODE_SIGN_STYLE = Automatic;
				CURRENT_PROJECT_VERSION = 1;
				GENERATE_INFOPLIST_FILE = YES;
				IPHONEOS_DEPLOYMENT_TARGET = 17.0;
				MACOSX_DEPLOYMENT_TARGET = 13.5;
				MARKETING_VERSION = 1.0;
				PRODUCT_BUNDLE_IDENTIFIER = "SWEGroup12.SWEGroup12-TennisUITests";
				PRODUCT_NAME = "$(TARGET_NAME)";
				SDKROOT = auto;
				SUPPORTED_PLATFORMS = "iphoneos iphonesimulator macosx";
				SWIFT_EMIT_LOC_STRINGS = NO;
				SWIFT_VERSION = 5.0;
				TARGETED_DEVICE_FAMILY = "1,2";
				TEST_TARGET_NAME = "SWEGroup12-Tennis";
			};
			name = Release;
		};
/* End XCBuildConfiguration section */

/* Begin XCConfigurationList section */
		0E4FF5D92AC4D81F009FC5F6 /* Build configuration list for PBXProject "SWEGroup12-Tennis" */ = {
			isa = XCConfigurationList;
			buildConfigurations = (
				0E4FF6012AC4D821009FC5F6 /* Debug */,
				0E4FF6022AC4D821009FC5F6 /* Release */,
			);
			defaultConfigurationIsVisible = 0;
			defaultConfigurationName = Release;
		};
		0E4FF6032AC4D821009FC5F6 /* Build configuration list for PBXNativeTarget "SWEGroup12-Tennis" */ = {
			isa = XCConfigurationList;
			buildConfigurations = (
				0E4FF6042AC4D821009FC5F6 /* Debug */,
				0E4FF6052AC4D821009FC5F6 /* Release */,
			);
			defaultConfigurationIsVisible = 0;
			defaultConfigurationName = Release;
		};
		0E4FF6062AC4D821009FC5F6 /* Build configuration list for PBXNativeTarget "SWEGroup12-TennisTests" */ = {
			isa = XCConfigurationList;
			buildConfigurations = (
				0E4FF6072AC4D821009FC5F6 /* Debug */,
				0E4FF6082AC4D821009FC5F6 /* Release */,
			);
			defaultConfigurationIsVisible = 0;
			defaultConfigurationName = Release;
		};
		0E4FF6092AC4D821009FC5F6 /* Build configuration list for PBXNativeTarget "SWEGroup12-TennisUITests" */ = {
			isa = XCConfigurationList;
			buildConfigurations = (
				0E4FF60A2AC4D821009FC5F6 /* Debug */,
				0E4FF60B2AC4D821009FC5F6 /* Release */,
			);
			defaultConfigurationIsVisible = 0;
			defaultConfigurationName = Release;
		};
/* End XCConfigurationList section */

/* Begin XCRemoteSwiftPackageReference section */
		0E4FF60E2AC50F92009FC5F6 /* XCRemoteSwiftPackageReference "firebase-ios-sdk" */ = {
			isa = XCRemoteSwiftPackageReference;
			repositoryURL = "https://github.com/firebase/firebase-ios-sdk.git";
			requirement = {
				kind = upToNextMajorVersion;
				minimumVersion = 10.15.0;
			};
		};
		0E5489D62B02910B0049BF26 /* XCRemoteSwiftPackageReference "SDWebImageSwiftUI" */ = {
			isa = XCRemoteSwiftPackageReference;
			repositoryURL = "https://github.com/SDWebImage/SDWebImageSwiftUI";
			requirement = {
				kind = upToNextMajorVersion;
				minimumVersion = 2.2.4;
			};
		};
/* End XCRemoteSwiftPackageReference section */

/* Begin XCSwiftPackageProductDependency section */
		0E4FF6152AC50F92009FC5F6 /* FirebaseAppCheck */ = {
			isa = XCSwiftPackageProductDependency;
			package = 0E4FF60E2AC50F92009FC5F6 /* XCRemoteSwiftPackageReference "firebase-ios-sdk" */;
			productName = FirebaseAppCheck;
		};
		0E4FF6172AC51562009FC5F6 /* FirebaseAuth */ = {
			isa = XCSwiftPackageProductDependency;
			package = 0E4FF60E2AC50F92009FC5F6 /* XCRemoteSwiftPackageReference "firebase-ios-sdk" */;
			productName = FirebaseAuth;
		};
		0E4FF61D2AC51562009FC5F6 /* FirebaseFirestore */ = {
			isa = XCSwiftPackageProductDependency;
			package = 0E4FF60E2AC50F92009FC5F6 /* XCRemoteSwiftPackageReference "firebase-ios-sdk" */;
			productName = FirebaseFirestore;
		};
		0E4FF61F2AC51562009FC5F6 /* FirebaseFirestoreSwift */ = {
			isa = XCSwiftPackageProductDependency;
			package = 0E4FF60E2AC50F92009FC5F6 /* XCRemoteSwiftPackageReference "firebase-ios-sdk" */;
			productName = FirebaseFirestoreSwift;
		};
		0E5489D72B02910B0049BF26 /* SDWebImageSwiftUI */ = {
			isa = XCSwiftPackageProductDependency;
			package = 0E5489D62B02910B0049BF26 /* XCRemoteSwiftPackageReference "SDWebImageSwiftUI" */;
			productName = SDWebImageSwiftUI;
		};
		0EBADA852AD43A3400A0F6FB /* FirebaseStorage */ = {
			isa = XCSwiftPackageProductDependency;
			package = 0E4FF60E2AC50F92009FC5F6 /* XCRemoteSwiftPackageReference "firebase-ios-sdk" */;
			productName = FirebaseStorage;
		};
/* End XCSwiftPackageProductDependency section */
	};
	rootObject = 0E4FF5D62AC4D81F009FC5F6 /* Project object */;
}
