// !$*UTF8*$!
{
	archiveVersion = 1;
	classes = {
	};
	objectVersion = 56;
	objects = {

/* Begin PBXBuildFile section */
		0E4FF5E22AC4D81F009FC5F6 /* SWEGroup12_TennisApp.swift in Sources */ = {isa = PBXBuildFile; fileRef = 0E4FF5E12AC4D81F009FC5F6 /* SWEGroup12_TennisApp.swift */; };
		0E4FF5E42AC4D81F009FC5F6 /* ContentView.swift in Sources */ = {isa = PBXBuildFile; fileRef = 0E4FF5E32AC4D81F009FC5F6 /* ContentView.swift */; };
		0E4FF5E62AC4D821009FC5F6 /* Assets.xcassets in Resources */ = {isa = PBXBuildFile; fileRef = 0E4FF5E52AC4D821009FC5F6 /* Assets.xcassets */; };
		0E4FF5EA2AC4D821009FC5F6 /* Preview Assets.xcassets in Resources */ = {isa = PBXBuildFile; fileRef = 0E4FF5E92AC4D821009FC5F6 /* Preview Assets.xcassets */; };
		0E4FF5F42AC4D821009FC5F6 /* SWEGroup12_TennisTests.swift in Sources */ = {isa = PBXBuildFile; fileRef = 0E4FF5F32AC4D821009FC5F6 /* SWEGroup12_TennisTests.swift */; };
		0E4FF5FE2AC4D821009FC5F6 /* SWEGroup12_TennisUITests.swift in Sources */ = {isa = PBXBuildFile; fileRef = 0E4FF5FD2AC4D821009FC5F6 /* SWEGroup12_TennisUITests.swift */; };
		0E4FF6002AC4D821009FC5F6 /* SWEGroup12_TennisUITestsLaunchTests.swift in Sources */ = {isa = PBXBuildFile; fileRef = 0E4FF5FF2AC4D821009FC5F6 /* SWEGroup12_TennisUITestsLaunchTests.swift */; };
		0E4FF60D2AC50E75009FC5F6 /* GoogleService-Info.plist in Resources */ = {isa = PBXBuildFile; fileRef = 0E4FF60C2AC50E75009FC5F6 /* GoogleService-Info.plist */; };
		0E4FF6232AC52A29009FC5F6 /* AuthenticationView.swift in Sources */ = {isa = PBXBuildFile; fileRef = 0E4FF6222AC52A29009FC5F6 /* AuthenticationView.swift */; };
		0E4FF6252AC5A663009FC5F6 /* SignInEmailView.swift in Sources */ = {isa = PBXBuildFile; fileRef = 0E4FF6242AC5A663009FC5F6 /* SignInEmailView.swift */; };
		0E4FF6292AC5A91A009FC5F6 /* AuthenticationManager.swift in Sources */ = {isa = PBXBuildFile; fileRef = 0E4FF6282AC5A91A009FC5F6 /* AuthenticationManager.swift */; };
		B713C1D32ADE13910089F6D3 /* AuthManager.swift in Sources */ = {isa = PBXBuildFile; fileRef = B713C1D22ADE13910089F6D3 /* AuthManager.swift */; };
		B713C1D52ADE13E30089F6D3 /* ProfileView.swift in Sources */ = {isa = PBXBuildFile; fileRef = B713C1D42ADE13E30089F6D3 /* ProfileView.swift */; };
		B713C1D72ADE13ED0089F6D3 /* UserManager.swift in Sources */ = {isa = PBXBuildFile; fileRef = B713C1D62ADE13ED0089F6D3 /* UserManager.swift */; };
		B713C1D92ADE187C0089F6D3 /* SelectButton.swift in Sources */ = {isa = PBXBuildFile; fileRef = B713C1D82ADE187C0089F6D3 /* SelectButton.swift */; };
		B713C1DB2ADE19240089F6D3 /* SettingsView.swift in Sources */ = {isa = PBXBuildFile; fileRef = B713C1DA2ADE19240089F6D3 /* SettingsView.swift */; };
		B713C1DD2ADE1A600089F6D3 /* SettingsRowView.swift in Sources */ = {isa = PBXBuildFile; fileRef = B713C1DC2ADE1A600089F6D3 /* SettingsRowView.swift */; };
		B713C1DF2AF2D7F80089F6D3 /* OtherProfileView.swift in Sources */ = {isa = PBXBuildFile; fileRef = B713C1DE2AF2D7F80089F6D3 /* OtherProfileView.swift */; };
		B713C1E32AFC5E1C0089F6D3 /* FilterOptionsMenuView.swift in Sources */ = {isa = PBXBuildFile; fileRef = B713C1E22AFC5E1C0089F6D3 /* FilterOptionsMenuView.swift */; };
		B713C1E52B018A6E0089F6D3 /* ProfileViewModel.swift in Sources */ = {isa = PBXBuildFile; fileRef = B713C1E42B018A6E0089F6D3 /* ProfileViewModel.swift */; };
		B713C1E82B0191AC0089F6D3 /* FirebaseAnalytics in Frameworks */ = {isa = PBXBuildFile; productRef = B713C1E72B0191AC0089F6D3 /* FirebaseAnalytics */; };
		B713C1EA2B0191AC0089F6D3 /* FirebaseAnalyticsOnDeviceConversion in Frameworks */ = {isa = PBXBuildFile; productRef = B713C1E92B0191AC0089F6D3 /* FirebaseAnalyticsOnDeviceConversion */; };
		B713C1EC2B0191AC0089F6D3 /* FirebaseAnalyticsSwift in Frameworks */ = {isa = PBXBuildFile; productRef = B713C1EB2B0191AC0089F6D3 /* FirebaseAnalyticsSwift */; };
		B713C1EE2B0191AC0089F6D3 /* FirebaseAnalyticsWithoutAdIdSupport in Frameworks */ = {isa = PBXBuildFile; productRef = B713C1ED2B0191AC0089F6D3 /* FirebaseAnalyticsWithoutAdIdSupport */; };
		B713C1F02B0191AC0089F6D3 /* FirebaseAppCheck in Frameworks */ = {isa = PBXBuildFile; productRef = B713C1EF2B0191AC0089F6D3 /* FirebaseAppCheck */; };
		B713C1F22B0191AC0089F6D3 /* FirebaseAppDistribution-Beta in Frameworks */ = {isa = PBXBuildFile; productRef = B713C1F12B0191AC0089F6D3 /* FirebaseAppDistribution-Beta */; };
		B713C1F42B0191AC0089F6D3 /* FirebaseAuth in Frameworks */ = {isa = PBXBuildFile; productRef = B713C1F32B0191AC0089F6D3 /* FirebaseAuth */; };
		B713C1F62B0191AC0089F6D3 /* FirebaseAuthCombine-Community in Frameworks */ = {isa = PBXBuildFile; productRef = B713C1F52B0191AC0089F6D3 /* FirebaseAuthCombine-Community */; };
		B713C1F82B0191AC0089F6D3 /* FirebaseCrashlytics in Frameworks */ = {isa = PBXBuildFile; productRef = B713C1F72B0191AC0089F6D3 /* FirebaseCrashlytics */; };
		B713C1FA2B0191AC0089F6D3 /* FirebaseDatabase in Frameworks */ = {isa = PBXBuildFile; productRef = B713C1F92B0191AC0089F6D3 /* FirebaseDatabase */; };
		B713C1FC2B0191AC0089F6D3 /* FirebaseDatabaseSwift in Frameworks */ = {isa = PBXBuildFile; productRef = B713C1FB2B0191AC0089F6D3 /* FirebaseDatabaseSwift */; };
		B713C1FE2B0191AD0089F6D3 /* FirebaseDynamicLinks in Frameworks */ = {isa = PBXBuildFile; productRef = B713C1FD2B0191AC0089F6D3 /* FirebaseDynamicLinks */; };
		B713C2002B0191AD0089F6D3 /* FirebaseFirestore in Frameworks */ = {isa = PBXBuildFile; productRef = B713C1FF2B0191AD0089F6D3 /* FirebaseFirestore */; };
		B713C2022B0191AD0089F6D3 /* FirebaseFirestoreCombine-Community in Frameworks */ = {isa = PBXBuildFile; productRef = B713C2012B0191AD0089F6D3 /* FirebaseFirestoreCombine-Community */; };
		B713C2042B0191AD0089F6D3 /* FirebaseFirestoreSwift in Frameworks */ = {isa = PBXBuildFile; productRef = B713C2032B0191AD0089F6D3 /* FirebaseFirestoreSwift */; };
		B713C2062B0191AD0089F6D3 /* FirebaseFunctions in Frameworks */ = {isa = PBXBuildFile; productRef = B713C2052B0191AD0089F6D3 /* FirebaseFunctions */; };
		B713C2082B0191AD0089F6D3 /* FirebaseFunctionsCombine-Community in Frameworks */ = {isa = PBXBuildFile; productRef = B713C2072B0191AD0089F6D3 /* FirebaseFunctionsCombine-Community */; };
		B713C20A2B0191AD0089F6D3 /* FirebaseInAppMessaging-Beta in Frameworks */ = {isa = PBXBuildFile; productRef = B713C2092B0191AD0089F6D3 /* FirebaseInAppMessaging-Beta */; };
		B713C20C2B0191AD0089F6D3 /* FirebaseInAppMessagingSwift-Beta in Frameworks */ = {isa = PBXBuildFile; productRef = B713C20B2B0191AD0089F6D3 /* FirebaseInAppMessagingSwift-Beta */; };
		B713C20E2B0191AD0089F6D3 /* FirebaseInstallations in Frameworks */ = {isa = PBXBuildFile; productRef = B713C20D2B0191AD0089F6D3 /* FirebaseInstallations */; };
		B713C2102B0191AD0089F6D3 /* FirebaseMLModelDownloader in Frameworks */ = {isa = PBXBuildFile; productRef = B713C20F2B0191AD0089F6D3 /* FirebaseMLModelDownloader */; };
		B713C2122B0191AD0089F6D3 /* FirebaseMessaging in Frameworks */ = {isa = PBXBuildFile; productRef = B713C2112B0191AD0089F6D3 /* FirebaseMessaging */; };
		B713C2142B0191AD0089F6D3 /* FirebasePerformance in Frameworks */ = {isa = PBXBuildFile; productRef = B713C2132B0191AD0089F6D3 /* FirebasePerformance */; };
		B713C2162B0191AD0089F6D3 /* FirebaseRemoteConfig in Frameworks */ = {isa = PBXBuildFile; productRef = B713C2152B0191AD0089F6D3 /* FirebaseRemoteConfig */; };
		B713C2182B0191AD0089F6D3 /* FirebaseRemoteConfigSwift in Frameworks */ = {isa = PBXBuildFile; productRef = B713C2172B0191AD0089F6D3 /* FirebaseRemoteConfigSwift */; };
		B713C21A2B0191AD0089F6D3 /* FirebaseStorage in Frameworks */ = {isa = PBXBuildFile; productRef = B713C2192B0191AD0089F6D3 /* FirebaseStorage */; };
		B713C21C2B0191AD0089F6D3 /* FirebaseStorageCombine-Community in Frameworks */ = {isa = PBXBuildFile; productRef = B713C21B2B0191AD0089F6D3 /* FirebaseStorageCombine-Community */; };
		B713C21E2B0192790089F6D3 /* EditProfileView.swift in Sources */ = {isa = PBXBuildFile; fileRef = B713C21D2B0192790089F6D3 /* EditProfileView.swift */; };
		B713C2232B01930C0089F6D3 /* CustomEditView.swift in Sources */ = {isa = PBXBuildFile; fileRef = B713C2222B01930C0089F6D3 /* CustomEditView.swift */; };
		B713C2252B01934F0089F6D3 /* EditProfileViewModel.swift in Sources */ = {isa = PBXBuildFile; fileRef = B713C2242B01934F0089F6D3 /* EditProfileViewModel.swift */; };
		B713C2272B01940A0089F6D3 /* SettingsViewModel.swift in Sources */ = {isa = PBXBuildFile; fileRef = B713C2262B01940A0089F6D3 /* SettingsViewModel.swift */; };
		B713C2292B01947D0089F6D3 /* EditAvailabilityView.swift in Sources */ = {isa = PBXBuildFile; fileRef = B713C2282B01947C0089F6D3 /* EditAvailabilityView.swift */; };
		B713C22B2B0194B00089F6D3 /* EditPlayView.swift in Sources */ = {isa = PBXBuildFile; fileRef = B713C22A2B0194B00089F6D3 /* EditPlayView.swift */; };
		B713C22D2B0194DE0089F6D3 /* EditSkillView.swift in Sources */ = {isa = PBXBuildFile; fileRef = B713C22C2B0194DE0089F6D3 /* EditSkillView.swift */; };
		B713C22F2B01957D0089F6D3 /* UpdatePasswordView.swift in Sources */ = {isa = PBXBuildFile; fileRef = B713C22E2B01957D0089F6D3 /* UpdatePasswordView.swift */; };
		B713C2312B0195A10089F6D3 /* UpdatePasswordViewModel.swift in Sources */ = {isa = PBXBuildFile; fileRef = B713C2302B0195A10089F6D3 /* UpdatePasswordViewModel.swift */; };
		B713C2332B0196100089F6D3 /* InputView.swift in Sources */ = {isa = PBXBuildFile; fileRef = B713C2322B0196100089F6D3 /* InputView.swift */; };
		B713C2352B01966F0089F6D3 /* LogInView.swift in Sources */ = {isa = PBXBuildFile; fileRef = B713C2342B01966F0089F6D3 /* LogInView.swift */; };
		B713C2372B01969F0089F6D3 /* LogInEmailViewModel.swift in Sources */ = {isa = PBXBuildFile; fileRef = B713C2362B01969F0089F6D3 /* LogInEmailViewModel.swift */; };
		B713C2392B0196F80089F6D3 /* ForgottenPasswordViewModel.swift in Sources */ = {isa = PBXBuildFile; fileRef = B713C2382B0196F80089F6D3 /* ForgottenPasswordViewModel.swift */; };
		B713C23B2B0197150089F6D3 /* ForgottenPasswordView.swift in Sources */ = {isa = PBXBuildFile; fileRef = B713C23A2B0197150089F6D3 /* ForgottenPasswordView.swift */; };
		B713C23D2B0197580089F6D3 /* HomeView.swift in Sources */ = {isa = PBXBuildFile; fileRef = B713C23C2B0197580089F6D3 /* HomeView.swift */; };
		B713C23F2B0197A60089F6D3 /* CalendarView.swift in Sources */ = {isa = PBXBuildFile; fileRef = B713C23E2B0197A60089F6D3 /* CalendarView.swift */; };
		B713C2412B0197FA0089F6D3 /* SignUpView.swift in Sources */ = {isa = PBXBuildFile; fileRef = B713C2402B0197FA0089F6D3 /* SignUpView.swift */; };
		B713C2432B0198510089F6D3 /* SignUpEmailViewModel.swift in Sources */ = {isa = PBXBuildFile; fileRef = B713C2422B0198510089F6D3 /* SignUpEmailViewModel.swift */; };
		B713C2452B0199950089F6D3 /* CreateProfileView.swift in Sources */ = {isa = PBXBuildFile; fileRef = B713C2442B0199950089F6D3 /* CreateProfileView.swift */; };
		B713C2472B0199D70089F6D3 /* CreateProfileViewModel.swift in Sources */ = {isa = PBXBuildFile; fileRef = B713C2462B0199D70089F6D3 /* CreateProfileViewModel.swift */; };
		B713C2492B019A330089F6D3 /* ImagePicker.swift in Sources */ = {isa = PBXBuildFile; fileRef = B713C2482B019A330089F6D3 /* ImagePicker.swift */; };
		B713C24B2B019A900089F6D3 /* CalendarManager.swift in Sources */ = {isa = PBXBuildFile; fileRef = B713C24A2B019A900089F6D3 /* CalendarManager.swift */; };
		B713C24D2B019AD70089F6D3 /* CalendarResView.swift in Sources */ = {isa = PBXBuildFile; fileRef = B713C24C2B019AD70089F6D3 /* CalendarResView.swift */; };
		B713C24F2B019B500089F6D3 /* CalendarResManager.swift in Sources */ = {isa = PBXBuildFile; fileRef = B713C24E2B019B500089F6D3 /* CalendarResManager.swift */; };
		B713C2522B01D4960089F6D3 /* CreateNewMessageView.swift in Sources */ = {isa = PBXBuildFile; fileRef = B713C2512B01D4960089F6D3 /* CreateNewMessageView.swift */; };
		B713C2542B01D4AB0089F6D3 /* MainMessagesView.swift in Sources */ = {isa = PBXBuildFile; fileRef = B713C2532B01D4AB0089F6D3 /* MainMessagesView.swift */; };
		B713C2592B01D4C60089F6D3 /* ChatMessage.swift in Sources */ = {isa = PBXBuildFile; fileRef = B713C2562B01D4C60089F6D3 /* ChatMessage.swift */; };
		B713C25A2B01D4C60089F6D3 /* RecentMessage.swift in Sources */ = {isa = PBXBuildFile; fileRef = B713C2572B01D4C60089F6D3 /* RecentMessage.swift */; };
		B713C25B2B01D4C60089F6D3 /* ChatUser.swift in Sources */ = {isa = PBXBuildFile; fileRef = B713C2582B01D4C60089F6D3 /* ChatUser.swift */; };
		B713C25F2B01D4E40089F6D3 /* FirebaseConstants.swift in Sources */ = {isa = PBXBuildFile; fileRef = B713C25D2B01D4E40089F6D3 /* FirebaseConstants.swift */; };
		B713C2602B01D4E40089F6D3 /* FirebaseManager.swift in Sources */ = {isa = PBXBuildFile; fileRef = B713C25E2B01D4E40089F6D3 /* FirebaseManager.swift */; };
		B713C2632B01D60D0089F6D3 /* SDWebImageSwiftUI in Frameworks */ = {isa = PBXBuildFile; productRef = B713C2622B01D60D0089F6D3 /* SDWebImageSwiftUI */; };
		B713C2652B02C3020089F6D3 /* ChatLogView.swift in Sources */ = {isa = PBXBuildFile; fileRef = B713C2642B02C3010089F6D3 /* ChatLogView.swift */; };
		B713C2672B02F9070089F6D3 /* FirestoreMocks.swift in Sources */ = {isa = PBXBuildFile; fileRef = B713C2662B02F9070089F6D3 /* FirestoreMocks.swift */; };
		B74565A12ADC972000700718 /* MatchesViewModel.swift in Sources */ = {isa = PBXBuildFile; fileRef = B74565A02ADC972000700718 /* MatchesViewModel.swift */; };
		B74565A32ADC991200700718 /* MatchesListView.swift in Sources */ = {isa = PBXBuildFile; fileRef = B74565A22ADC991200700718 /* MatchesListView.swift */; };
		B74565A52ADC994B00700718 /* Match.swift in Sources */ = {isa = PBXBuildFile; fileRef = B74565A42ADC994B00700718 /* Match.swift */; };
/* End PBXBuildFile section */

/* Begin PBXContainerItemProxy section */
		0E4FF5F02AC4D821009FC5F6 /* PBXContainerItemProxy */ = {
			isa = PBXContainerItemProxy;
			containerPortal = 0E4FF5D62AC4D81F009FC5F6 /* Project object */;
			proxyType = 1;
			remoteGlobalIDString = 0E4FF5DD2AC4D81F009FC5F6;
			remoteInfo = "SWEGroup12-Tennis";
		};
		0E4FF5FA2AC4D821009FC5F6 /* PBXContainerItemProxy */ = {
			isa = PBXContainerItemProxy;
			containerPortal = 0E4FF5D62AC4D81F009FC5F6 /* Project object */;
			proxyType = 1;
			remoteGlobalIDString = 0E4FF5DD2AC4D81F009FC5F6;
			remoteInfo = "SWEGroup12-Tennis";
		};
/* End PBXContainerItemProxy section */

/* Begin PBXFileReference section */
		0E4FF5DE2AC4D81F009FC5F6 /* SWEGroup12-Tennis.app */ = {isa = PBXFileReference; explicitFileType = wrapper.application; includeInIndex = 0; path = "SWEGroup12-Tennis.app"; sourceTree = BUILT_PRODUCTS_DIR; };
		0E4FF5E12AC4D81F009FC5F6 /* SWEGroup12_TennisApp.swift */ = {isa = PBXFileReference; lastKnownFileType = sourcecode.swift; path = SWEGroup12_TennisApp.swift; sourceTree = "<group>"; };
		0E4FF5E32AC4D81F009FC5F6 /* ContentView.swift */ = {isa = PBXFileReference; lastKnownFileType = sourcecode.swift; path = ContentView.swift; sourceTree = "<group>"; };
		0E4FF5E52AC4D821009FC5F6 /* Assets.xcassets */ = {isa = PBXFileReference; lastKnownFileType = folder.assetcatalog; path = Assets.xcassets; sourceTree = "<group>"; };
		0E4FF5E72AC4D821009FC5F6 /* SWEGroup12_Tennis.entitlements */ = {isa = PBXFileReference; lastKnownFileType = text.plist.entitlements; path = SWEGroup12_Tennis.entitlements; sourceTree = "<group>"; };
		0E4FF5E92AC4D821009FC5F6 /* Preview Assets.xcassets */ = {isa = PBXFileReference; lastKnownFileType = folder.assetcatalog; path = "Preview Assets.xcassets"; sourceTree = "<group>"; };
		0E4FF5EF2AC4D821009FC5F6 /* SWEGroup12-TennisTests.xctest */ = {isa = PBXFileReference; explicitFileType = wrapper.cfbundle; includeInIndex = 0; path = "SWEGroup12-TennisTests.xctest"; sourceTree = BUILT_PRODUCTS_DIR; };
		0E4FF5F32AC4D821009FC5F6 /* SWEGroup12_TennisTests.swift */ = {isa = PBXFileReference; lastKnownFileType = sourcecode.swift; path = SWEGroup12_TennisTests.swift; sourceTree = "<group>"; };
		0E4FF5F92AC4D821009FC5F6 /* SWEGroup12-TennisUITests.xctest */ = {isa = PBXFileReference; explicitFileType = wrapper.cfbundle; includeInIndex = 0; path = "SWEGroup12-TennisUITests.xctest"; sourceTree = BUILT_PRODUCTS_DIR; };
		0E4FF5FD2AC4D821009FC5F6 /* SWEGroup12_TennisUITests.swift */ = {isa = PBXFileReference; lastKnownFileType = sourcecode.swift; path = SWEGroup12_TennisUITests.swift; sourceTree = "<group>"; };
		0E4FF5FF2AC4D821009FC5F6 /* SWEGroup12_TennisUITestsLaunchTests.swift */ = {isa = PBXFileReference; lastKnownFileType = sourcecode.swift; path = SWEGroup12_TennisUITestsLaunchTests.swift; sourceTree = "<group>"; };
		0E4FF60C2AC50E75009FC5F6 /* GoogleService-Info.plist */ = {isa = PBXFileReference; fileEncoding = 4; lastKnownFileType = text.plist.xml; path = "GoogleService-Info.plist"; sourceTree = "<group>"; };
		0E4FF6222AC52A29009FC5F6 /* AuthenticationView.swift */ = {isa = PBXFileReference; lastKnownFileType = sourcecode.swift; path = AuthenticationView.swift; sourceTree = "<group>"; };
		0E4FF6242AC5A663009FC5F6 /* SignInEmailView.swift */ = {isa = PBXFileReference; lastKnownFileType = sourcecode.swift; path = SignInEmailView.swift; sourceTree = "<group>"; };
		0E4FF6282AC5A91A009FC5F6 /* AuthenticationManager.swift */ = {isa = PBXFileReference; lastKnownFileType = sourcecode.swift; path = AuthenticationManager.swift; sourceTree = "<group>"; };
		B713C1D22ADE13910089F6D3 /* AuthManager.swift */ = {isa = PBXFileReference; fileEncoding = 4; lastKnownFileType = sourcecode.swift; path = AuthManager.swift; sourceTree = "<group>"; };
		B713C1D42ADE13E30089F6D3 /* ProfileView.swift */ = {isa = PBXFileReference; fileEncoding = 4; lastKnownFileType = sourcecode.swift; path = ProfileView.swift; sourceTree = "<group>"; };
		B713C1D62ADE13ED0089F6D3 /* UserManager.swift */ = {isa = PBXFileReference; fileEncoding = 4; lastKnownFileType = sourcecode.swift; path = UserManager.swift; sourceTree = "<group>"; };
		B713C1D82ADE187C0089F6D3 /* SelectButton.swift */ = {isa = PBXFileReference; lastKnownFileType = sourcecode.swift; path = SelectButton.swift; sourceTree = "<group>"; };
		B713C1DA2ADE19240089F6D3 /* SettingsView.swift */ = {isa = PBXFileReference; lastKnownFileType = sourcecode.swift; path = SettingsView.swift; sourceTree = "<group>"; };
		B713C1DC2ADE1A600089F6D3 /* SettingsRowView.swift */ = {isa = PBXFileReference; lastKnownFileType = sourcecode.swift; path = SettingsRowView.swift; sourceTree = "<group>"; };
		B713C1DE2AF2D7F80089F6D3 /* OtherProfileView.swift */ = {isa = PBXFileReference; lastKnownFileType = sourcecode.swift; path = OtherProfileView.swift; sourceTree = "<group>"; };
		B713C1E22AFC5E1C0089F6D3 /* FilterOptionsMenuView.swift */ = {isa = PBXFileReference; lastKnownFileType = sourcecode.swift; path = FilterOptionsMenuView.swift; sourceTree = "<group>"; };
		B713C1E42B018A6E0089F6D3 /* ProfileViewModel.swift */ = {isa = PBXFileReference; lastKnownFileType = sourcecode.swift; path = ProfileViewModel.swift; sourceTree = "<group>"; };
		B713C21D2B0192790089F6D3 /* EditProfileView.swift */ = {isa = PBXFileReference; lastKnownFileType = sourcecode.swift; path = EditProfileView.swift; sourceTree = "<group>"; };
		B713C2222B01930C0089F6D3 /* CustomEditView.swift */ = {isa = PBXFileReference; lastKnownFileType = sourcecode.swift; path = CustomEditView.swift; sourceTree = "<group>"; };
		B713C2242B01934F0089F6D3 /* EditProfileViewModel.swift */ = {isa = PBXFileReference; lastKnownFileType = sourcecode.swift; path = EditProfileViewModel.swift; sourceTree = "<group>"; };
		B713C2262B01940A0089F6D3 /* SettingsViewModel.swift */ = {isa = PBXFileReference; lastKnownFileType = sourcecode.swift; path = SettingsViewModel.swift; sourceTree = "<group>"; };
		B713C2282B01947C0089F6D3 /* EditAvailabilityView.swift */ = {isa = PBXFileReference; lastKnownFileType = sourcecode.swift; path = EditAvailabilityView.swift; sourceTree = "<group>"; };
		B713C22A2B0194B00089F6D3 /* EditPlayView.swift */ = {isa = PBXFileReference; lastKnownFileType = sourcecode.swift; path = EditPlayView.swift; sourceTree = "<group>"; };
		B713C22C2B0194DE0089F6D3 /* EditSkillView.swift */ = {isa = PBXFileReference; lastKnownFileType = sourcecode.swift; path = EditSkillView.swift; sourceTree = "<group>"; };
		B713C22E2B01957D0089F6D3 /* UpdatePasswordView.swift */ = {isa = PBXFileReference; lastKnownFileType = sourcecode.swift; path = UpdatePasswordView.swift; sourceTree = "<group>"; };
		B713C2302B0195A10089F6D3 /* UpdatePasswordViewModel.swift */ = {isa = PBXFileReference; lastKnownFileType = sourcecode.swift; path = UpdatePasswordViewModel.swift; sourceTree = "<group>"; };
		B713C2322B0196100089F6D3 /* InputView.swift */ = {isa = PBXFileReference; lastKnownFileType = sourcecode.swift; path = InputView.swift; sourceTree = "<group>"; };
		B713C2342B01966F0089F6D3 /* LogInView.swift */ = {isa = PBXFileReference; lastKnownFileType = sourcecode.swift; path = LogInView.swift; sourceTree = "<group>"; };
		B713C2362B01969F0089F6D3 /* LogInEmailViewModel.swift */ = {isa = PBXFileReference; lastKnownFileType = sourcecode.swift; path = LogInEmailViewModel.swift; sourceTree = "<group>"; };
		B713C2382B0196F80089F6D3 /* ForgottenPasswordViewModel.swift */ = {isa = PBXFileReference; lastKnownFileType = sourcecode.swift; path = ForgottenPasswordViewModel.swift; sourceTree = "<group>"; };
		B713C23A2B0197150089F6D3 /* ForgottenPasswordView.swift */ = {isa = PBXFileReference; lastKnownFileType = sourcecode.swift; path = ForgottenPasswordView.swift; sourceTree = "<group>"; };
		B713C23C2B0197580089F6D3 /* HomeView.swift */ = {isa = PBXFileReference; lastKnownFileType = sourcecode.swift; path = HomeView.swift; sourceTree = "<group>"; };
		B713C23E2B0197A60089F6D3 /* CalendarView.swift */ = {isa = PBXFileReference; lastKnownFileType = sourcecode.swift; path = CalendarView.swift; sourceTree = "<group>"; };
		B713C2402B0197FA0089F6D3 /* SignUpView.swift */ = {isa = PBXFileReference; lastKnownFileType = sourcecode.swift; path = SignUpView.swift; sourceTree = "<group>"; };
		B713C2422B0198510089F6D3 /* SignUpEmailViewModel.swift */ = {isa = PBXFileReference; lastKnownFileType = sourcecode.swift; path = SignUpEmailViewModel.swift; sourceTree = "<group>"; };
		B713C2442B0199950089F6D3 /* CreateProfileView.swift */ = {isa = PBXFileReference; lastKnownFileType = sourcecode.swift; path = CreateProfileView.swift; sourceTree = "<group>"; };
		B713C2462B0199D70089F6D3 /* CreateProfileViewModel.swift */ = {isa = PBXFileReference; lastKnownFileType = sourcecode.swift; path = CreateProfileViewModel.swift; sourceTree = "<group>"; };
		B713C2482B019A330089F6D3 /* ImagePicker.swift */ = {isa = PBXFileReference; lastKnownFileType = sourcecode.swift; path = ImagePicker.swift; sourceTree = "<group>"; };
		B713C24A2B019A900089F6D3 /* CalendarManager.swift */ = {isa = PBXFileReference; lastKnownFileType = sourcecode.swift; path = CalendarManager.swift; sourceTree = "<group>"; };
		B713C24C2B019AD70089F6D3 /* CalendarResView.swift */ = {isa = PBXFileReference; lastKnownFileType = sourcecode.swift; path = CalendarResView.swift; sourceTree = "<group>"; };
		B713C24E2B019B500089F6D3 /* CalendarResManager.swift */ = {isa = PBXFileReference; lastKnownFileType = sourcecode.swift; path = CalendarResManager.swift; sourceTree = "<group>"; };
		B713C2512B01D4960089F6D3 /* CreateNewMessageView.swift */ = {isa = PBXFileReference; fileEncoding = 4; lastKnownFileType = sourcecode.swift; path = CreateNewMessageView.swift; sourceTree = "<group>"; };
		B713C2532B01D4AB0089F6D3 /* MainMessagesView.swift */ = {isa = PBXFileReference; fileEncoding = 4; lastKnownFileType = sourcecode.swift; path = MainMessagesView.swift; sourceTree = "<group>"; };
		B713C2562B01D4C60089F6D3 /* ChatMessage.swift */ = {isa = PBXFileReference; fileEncoding = 4; lastKnownFileType = sourcecode.swift; path = ChatMessage.swift; sourceTree = "<group>"; };
		B713C2572B01D4C60089F6D3 /* RecentMessage.swift */ = {isa = PBXFileReference; fileEncoding = 4; lastKnownFileType = sourcecode.swift; path = RecentMessage.swift; sourceTree = "<group>"; };
		B713C2582B01D4C60089F6D3 /* ChatUser.swift */ = {isa = PBXFileReference; fileEncoding = 4; lastKnownFileType = sourcecode.swift; path = ChatUser.swift; sourceTree = "<group>"; };
		B713C25D2B01D4E40089F6D3 /* FirebaseConstants.swift */ = {isa = PBXFileReference; fileEncoding = 4; lastKnownFileType = sourcecode.swift; path = FirebaseConstants.swift; sourceTree = "<group>"; };
		B713C25E2B01D4E40089F6D3 /* FirebaseManager.swift */ = {isa = PBXFileReference; fileEncoding = 4; lastKnownFileType = sourcecode.swift; path = FirebaseManager.swift; sourceTree = "<group>"; };
		B713C2642B02C3010089F6D3 /* ChatLogView.swift */ = {isa = PBXFileReference; fileEncoding = 4; lastKnownFileType = sourcecode.swift; path = ChatLogView.swift; sourceTree = "<group>"; };
		B713C2662B02F9070089F6D3 /* FirestoreMocks.swift */ = {isa = PBXFileReference; lastKnownFileType = sourcecode.swift; path = FirestoreMocks.swift; sourceTree = "<group>"; };
		B74565A02ADC972000700718 /* MatchesViewModel.swift */ = {isa = PBXFileReference; lastKnownFileType = sourcecode.swift; path = MatchesViewModel.swift; sourceTree = "<group>"; };
		B74565A22ADC991200700718 /* MatchesListView.swift */ = {isa = PBXFileReference; lastKnownFileType = sourcecode.swift; path = MatchesListView.swift; sourceTree = "<group>"; };
		B74565A42ADC994B00700718 /* Match.swift */ = {isa = PBXFileReference; lastKnownFileType = sourcecode.swift; path = Match.swift; sourceTree = "<group>"; };
/* End PBXFileReference section */

/* Begin PBXFrameworksBuildPhase section */
		0E4FF5DB2AC4D81F009FC5F6 /* Frameworks */ = {
			isa = PBXFrameworksBuildPhase;
			buildActionMask = 2147483647;
			files = (
				B713C2632B01D60D0089F6D3 /* SDWebImageSwiftUI in Frameworks */,
				B713C1FA2B0191AC0089F6D3 /* FirebaseDatabase in Frameworks */,
				B713C2082B0191AD0089F6D3 /* FirebaseFunctionsCombine-Community in Frameworks */,
				B713C2002B0191AD0089F6D3 /* FirebaseFirestore in Frameworks */,
				B713C1EC2B0191AC0089F6D3 /* FirebaseAnalyticsSwift in Frameworks */,
				B713C1E82B0191AC0089F6D3 /* FirebaseAnalytics in Frameworks */,
				B713C1EA2B0191AC0089F6D3 /* FirebaseAnalyticsOnDeviceConversion in Frameworks */,
				B713C2102B0191AD0089F6D3 /* FirebaseMLModelDownloader in Frameworks */,
				B713C2042B0191AD0089F6D3 /* FirebaseFirestoreSwift in Frameworks */,
				B713C1F02B0191AC0089F6D3 /* FirebaseAppCheck in Frameworks */,
				B713C1EE2B0191AC0089F6D3 /* FirebaseAnalyticsWithoutAdIdSupport in Frameworks */,
				B713C1F42B0191AC0089F6D3 /* FirebaseAuth in Frameworks */,
				B713C1F82B0191AC0089F6D3 /* FirebaseCrashlytics in Frameworks */,
				B713C2182B0191AD0089F6D3 /* FirebaseRemoteConfigSwift in Frameworks */,
				B713C20A2B0191AD0089F6D3 /* FirebaseInAppMessaging-Beta in Frameworks */,
				B713C1FC2B0191AC0089F6D3 /* FirebaseDatabaseSwift in Frameworks */,
				B713C2062B0191AD0089F6D3 /* FirebaseFunctions in Frameworks */,
				B713C21C2B0191AD0089F6D3 /* FirebaseStorageCombine-Community in Frameworks */,
				B713C2162B0191AD0089F6D3 /* FirebaseRemoteConfig in Frameworks */,
				B713C1F22B0191AC0089F6D3 /* FirebaseAppDistribution-Beta in Frameworks */,
				B713C1F62B0191AC0089F6D3 /* FirebaseAuthCombine-Community in Frameworks */,
				B713C2142B0191AD0089F6D3 /* FirebasePerformance in Frameworks */,
				B713C20C2B0191AD0089F6D3 /* FirebaseInAppMessagingSwift-Beta in Frameworks */,
				B713C21A2B0191AD0089F6D3 /* FirebaseStorage in Frameworks */,
				B713C1FE2B0191AD0089F6D3 /* FirebaseDynamicLinks in Frameworks */,
				B713C2022B0191AD0089F6D3 /* FirebaseFirestoreCombine-Community in Frameworks */,
				B713C2122B0191AD0089F6D3 /* FirebaseMessaging in Frameworks */,
				B713C20E2B0191AD0089F6D3 /* FirebaseInstallations in Frameworks */,
			);
			runOnlyForDeploymentPostprocessing = 0;
		};
		0E4FF5EC2AC4D821009FC5F6 /* Frameworks */ = {
			isa = PBXFrameworksBuildPhase;
			buildActionMask = 2147483647;
			files = (
			);
			runOnlyForDeploymentPostprocessing = 0;
		};
		0E4FF5F62AC4D821009FC5F6 /* Frameworks */ = {
			isa = PBXFrameworksBuildPhase;
			buildActionMask = 2147483647;
			files = (
			);
			runOnlyForDeploymentPostprocessing = 0;
		};
/* End PBXFrameworksBuildPhase section */

/* Begin PBXGroup section */
		0E4FF5D52AC4D81F009FC5F6 = {
			isa = PBXGroup;
			children = (
				0E4FF5E02AC4D81F009FC5F6 /* SWEGroup12-Tennis */,
				0E4FF5F22AC4D821009FC5F6 /* SWEGroup12-TennisTests */,
				0E4FF5FC2AC4D821009FC5F6 /* SWEGroup12-TennisUITests */,
				0E4FF5DF2AC4D81F009FC5F6 /* Products */,
			);
			sourceTree = "<group>";
		};
		0E4FF5DF2AC4D81F009FC5F6 /* Products */ = {
			isa = PBXGroup;
			children = (
				0E4FF5DE2AC4D81F009FC5F6 /* SWEGroup12-Tennis.app */,
				0E4FF5EF2AC4D821009FC5F6 /* SWEGroup12-TennisTests.xctest */,
				0E4FF5F92AC4D821009FC5F6 /* SWEGroup12-TennisUITests.xctest */,
			);
			name = Products;
			sourceTree = "<group>";
		};
		0E4FF5E02AC4D81F009FC5F6 /* SWEGroup12-Tennis */ = {
			isa = PBXGroup;
			children = (
				B713C2502B01D47B0089F6D3 /* Messaging */,
				B713C2212B0192F00089F6D3 /* Edit Views */,
				B713C1C72ADE106B0089F6D3 /* ProfileThings */,
				B74F33FE2AD72F2500751833 /* Matches_Filtering */,
				0E4FF5E12AC4D81F009FC5F6 /* SWEGroup12_TennisApp.swift */,
				0E4FF5E32AC4D81F009FC5F6 /* ContentView.swift */,
				0E4FF6212AC52956009FC5F6 /* Authentication */,
				0E4FF5E52AC4D821009FC5F6 /* Assets.xcassets */,
				0E4FF5E72AC4D821009FC5F6 /* SWEGroup12_Tennis.entitlements */,
				0E4FF60C2AC50E75009FC5F6 /* GoogleService-Info.plist */,
				0E4FF5E82AC4D821009FC5F6 /* Preview Content */,
			);
			path = "SWEGroup12-Tennis";
			sourceTree = "<group>";
		};
		0E4FF5E82AC4D821009FC5F6 /* Preview Content */ = {
			isa = PBXGroup;
			children = (
				0E4FF5E92AC4D821009FC5F6 /* Preview Assets.xcassets */,
			);
			path = "Preview Content";
			sourceTree = "<group>";
		};
		0E4FF5F22AC4D821009FC5F6 /* SWEGroup12-TennisTests */ = {
			isa = PBXGroup;
			children = (
				0E4FF5F32AC4D821009FC5F6 /* SWEGroup12_TennisTests.swift */,
				B713C2662B02F9070089F6D3 /* FirestoreMocks.swift */,
			);
			path = "SWEGroup12-TennisTests";
			sourceTree = "<group>";
		};
		0E4FF5FC2AC4D821009FC5F6 /* SWEGroup12-TennisUITests */ = {
			isa = PBXGroup;
			children = (
				0E4FF5FD2AC4D821009FC5F6 /* SWEGroup12_TennisUITests.swift */,
				0E4FF5FF2AC4D821009FC5F6 /* SWEGroup12_TennisUITestsLaunchTests.swift */,
			);
			path = "SWEGroup12-TennisUITests";
			sourceTree = "<group>";
		};
		0E4FF6212AC52956009FC5F6 /* Authentication */ = {
			isa = PBXGroup;
			children = (
				0E4FF6222AC52A29009FC5F6 /* AuthenticationView.swift */,
				0E4FF6242AC5A663009FC5F6 /* SignInEmailView.swift */,
				0E4FF6282AC5A91A009FC5F6 /* AuthenticationManager.swift */,
			);
			path = Authentication;
			sourceTree = "<group>";
		};
		B713C1C72ADE106B0089F6D3 /* ProfileThings */ = {
			isa = PBXGroup;
			children = (
				B713C1DE2AF2D7F80089F6D3 /* OtherProfileView.swift */,
				B713C1D42ADE13E30089F6D3 /* ProfileView.swift */,
				B713C22E2B01957D0089F6D3 /* UpdatePasswordView.swift */,
				B713C2482B019A330089F6D3 /* ImagePicker.swift */,
				B713C2302B0195A10089F6D3 /* UpdatePasswordViewModel.swift */,
				B713C2402B0197FA0089F6D3 /* SignUpView.swift */,
				B713C24A2B019A900089F6D3 /* CalendarManager.swift */,
				B713C2362B01969F0089F6D3 /* LogInEmailViewModel.swift */,
				B713C24C2B019AD70089F6D3 /* CalendarResView.swift */,
				B713C2342B01966F0089F6D3 /* LogInView.swift */,
				B713C2422B0198510089F6D3 /* SignUpEmailViewModel.swift */,
				B713C24E2B019B500089F6D3 /* CalendarResManager.swift */,
				B713C23C2B0197580089F6D3 /* HomeView.swift */,
				B713C2382B0196F80089F6D3 /* ForgottenPasswordViewModel.swift */,
				B713C2442B0199950089F6D3 /* CreateProfileView.swift */,
				B713C23E2B0197A60089F6D3 /* CalendarView.swift */,
				B713C2322B0196100089F6D3 /* InputView.swift */,
				B713C2462B0199D70089F6D3 /* CreateProfileViewModel.swift */,
				B713C23A2B0197150089F6D3 /* ForgottenPasswordView.swift */,
				B713C1D22ADE13910089F6D3 /* AuthManager.swift */,
				B713C1D62ADE13ED0089F6D3 /* UserManager.swift */,
				B713C1E42B018A6E0089F6D3 /* ProfileViewModel.swift */,
				B713C21D2B0192790089F6D3 /* EditProfileView.swift */,
				B713C1D82ADE187C0089F6D3 /* SelectButton.swift */,
				B713C1DA2ADE19240089F6D3 /* SettingsView.swift */,
				B713C2262B01940A0089F6D3 /* SettingsViewModel.swift */,
				B713C1DC2ADE1A600089F6D3 /* SettingsRowView.swift */,
			);
			path = ProfileThings;
			sourceTree = "<group>";
		};
		B713C2212B0192F00089F6D3 /* Edit Views */ = {
			isa = PBXGroup;
			children = (
				B713C2222B01930C0089F6D3 /* CustomEditView.swift */,
				B713C22A2B0194B00089F6D3 /* EditPlayView.swift */,
				B713C2282B01947C0089F6D3 /* EditAvailabilityView.swift */,
				B713C22C2B0194DE0089F6D3 /* EditSkillView.swift */,
				B713C2242B01934F0089F6D3 /* EditProfileViewModel.swift */,
			);
			path = "Edit Views";
			sourceTree = "<group>";
		};
		B713C2502B01D47B0089F6D3 /* Messaging */ = {
			isa = PBXGroup;
			children = (
				B713C25C2B01D4E40089F6D3 /* Utils */,
				B713C2552B01D4C60089F6D3 /* Model */,
				B713C2512B01D4960089F6D3 /* CreateNewMessageView.swift */,
				B713C2642B02C3010089F6D3 /* ChatLogView.swift */,
				B713C2532B01D4AB0089F6D3 /* MainMessagesView.swift */,
			);
			path = Messaging;
			sourceTree = "<group>";
		};
		B713C2552B01D4C60089F6D3 /* Model */ = {
			isa = PBXGroup;
			children = (
				B713C2562B01D4C60089F6D3 /* ChatMessage.swift */,
				B713C2572B01D4C60089F6D3 /* RecentMessage.swift */,
				B713C2582B01D4C60089F6D3 /* ChatUser.swift */,
			);
			path = Model;
			sourceTree = "<group>";
		};
		B713C25C2B01D4E40089F6D3 /* Utils */ = {
			isa = PBXGroup;
			children = (
				B713C25D2B01D4E40089F6D3 /* FirebaseConstants.swift */,
				B713C25E2B01D4E40089F6D3 /* FirebaseManager.swift */,
			);
			path = Utils;
			sourceTree = "<group>";
		};
		B74F33FE2AD72F2500751833 /* Matches_Filtering */ = {
			isa = PBXGroup;
			children = (
				B74565A02ADC972000700718 /* MatchesViewModel.swift */,
				B713C1E22AFC5E1C0089F6D3 /* FilterOptionsMenuView.swift */,
				B74565A22ADC991200700718 /* MatchesListView.swift */,
				B74565A42ADC994B00700718 /* Match.swift */,
			);
			path = Matches_Filtering;
			sourceTree = "<group>";
		};
/* End PBXGroup section */

/* Begin PBXNativeTarget section */
		0E4FF5DD2AC4D81F009FC5F6 /* SWEGroup12-Tennis */ = {
			isa = PBXNativeTarget;
			buildConfigurationList = 0E4FF6032AC4D821009FC5F6 /* Build configuration list for PBXNativeTarget "SWEGroup12-Tennis" */;
			buildPhases = (
				0E4FF5DA2AC4D81F009FC5F6 /* Sources */,
				0E4FF5DB2AC4D81F009FC5F6 /* Frameworks */,
				0E4FF5DC2AC4D81F009FC5F6 /* Resources */,
			);
			buildRules = (
			);
			dependencies = (
			);
			name = "SWEGroup12-Tennis";
			packageProductDependencies = (
				B713C1E72B0191AC0089F6D3 /* FirebaseAnalytics */,
				B713C1E92B0191AC0089F6D3 /* FirebaseAnalyticsOnDeviceConversion */,
				B713C1EB2B0191AC0089F6D3 /* FirebaseAnalyticsSwift */,
				B713C1ED2B0191AC0089F6D3 /* FirebaseAnalyticsWithoutAdIdSupport */,
				B713C1EF2B0191AC0089F6D3 /* FirebaseAppCheck */,
				B713C1F12B0191AC0089F6D3 /* FirebaseAppDistribution-Beta */,
				B713C1F32B0191AC0089F6D3 /* FirebaseAuth */,
				B713C1F52B0191AC0089F6D3 /* FirebaseAuthCombine-Community */,
				B713C1F72B0191AC0089F6D3 /* FirebaseCrashlytics */,
				B713C1F92B0191AC0089F6D3 /* FirebaseDatabase */,
				B713C1FB2B0191AC0089F6D3 /* FirebaseDatabaseSwift */,
				B713C1FD2B0191AC0089F6D3 /* FirebaseDynamicLinks */,
				B713C1FF2B0191AD0089F6D3 /* FirebaseFirestore */,
				B713C2012B0191AD0089F6D3 /* FirebaseFirestoreCombine-Community */,
				B713C2032B0191AD0089F6D3 /* FirebaseFirestoreSwift */,
				B713C2052B0191AD0089F6D3 /* FirebaseFunctions */,
				B713C2072B0191AD0089F6D3 /* FirebaseFunctionsCombine-Community */,
				B713C2092B0191AD0089F6D3 /* FirebaseInAppMessaging-Beta */,
				B713C20B2B0191AD0089F6D3 /* FirebaseInAppMessagingSwift-Beta */,
				B713C20D2B0191AD0089F6D3 /* FirebaseInstallations */,
				B713C20F2B0191AD0089F6D3 /* FirebaseMLModelDownloader */,
				B713C2112B0191AD0089F6D3 /* FirebaseMessaging */,
				B713C2132B0191AD0089F6D3 /* FirebasePerformance */,
				B713C2152B0191AD0089F6D3 /* FirebaseRemoteConfig */,
				B713C2172B0191AD0089F6D3 /* FirebaseRemoteConfigSwift */,
				B713C2192B0191AD0089F6D3 /* FirebaseStorage */,
				B713C21B2B0191AD0089F6D3 /* FirebaseStorageCombine-Community */,
				B713C2622B01D60D0089F6D3 /* SDWebImageSwiftUI */,
			);
			productName = "SWEGroup12-Tennis";
			productReference = 0E4FF5DE2AC4D81F009FC5F6 /* SWEGroup12-Tennis.app */;
			productType = "com.apple.product-type.application";
		};
		0E4FF5EE2AC4D821009FC5F6 /* SWEGroup12-TennisTests */ = {
			isa = PBXNativeTarget;
			buildConfigurationList = 0E4FF6062AC4D821009FC5F6 /* Build configuration list for PBXNativeTarget "SWEGroup12-TennisTests" */;
			buildPhases = (
				0E4FF5EB2AC4D821009FC5F6 /* Sources */,
				0E4FF5EC2AC4D821009FC5F6 /* Frameworks */,
				0E4FF5ED2AC4D821009FC5F6 /* Resources */,
			);
			buildRules = (
			);
			dependencies = (
				0E4FF5F12AC4D821009FC5F6 /* PBXTargetDependency */,
			);
			name = "SWEGroup12-TennisTests";
			productName = "SWEGroup12-TennisTests";
			productReference = 0E4FF5EF2AC4D821009FC5F6 /* SWEGroup12-TennisTests.xctest */;
			productType = "com.apple.product-type.bundle.unit-test";
		};
		0E4FF5F82AC4D821009FC5F6 /* SWEGroup12-TennisUITests */ = {
			isa = PBXNativeTarget;
			buildConfigurationList = 0E4FF6092AC4D821009FC5F6 /* Build configuration list for PBXNativeTarget "SWEGroup12-TennisUITests" */;
			buildPhases = (
				0E4FF5F52AC4D821009FC5F6 /* Sources */,
				0E4FF5F62AC4D821009FC5F6 /* Frameworks */,
				0E4FF5F72AC4D821009FC5F6 /* Resources */,
			);
			buildRules = (
			);
			dependencies = (
				0E4FF5FB2AC4D821009FC5F6 /* PBXTargetDependency */,
			);
			name = "SWEGroup12-TennisUITests";
			productName = "SWEGroup12-TennisUITests";
			productReference = 0E4FF5F92AC4D821009FC5F6 /* SWEGroup12-TennisUITests.xctest */;
			productType = "com.apple.product-type.bundle.ui-testing";
		};
/* End PBXNativeTarget section */

/* Begin PBXProject section */
		0E4FF5D62AC4D81F009FC5F6 /* Project object */ = {
			isa = PBXProject;
			attributes = {
				BuildIndependentTargetsInParallel = 1;
				LastSwiftUpdateCheck = 1500;
				LastUpgradeCheck = 1500;
				TargetAttributes = {
					0E4FF5DD2AC4D81F009FC5F6 = {
						CreatedOnToolsVersion = 15.0;
					};
					0E4FF5EE2AC4D821009FC5F6 = {
						CreatedOnToolsVersion = 15.0;
						TestTargetID = 0E4FF5DD2AC4D81F009FC5F6;
					};
					0E4FF5F82AC4D821009FC5F6 = {
						CreatedOnToolsVersion = 15.0;
						TestTargetID = 0E4FF5DD2AC4D81F009FC5F6;
					};
				};
			};
			buildConfigurationList = 0E4FF5D92AC4D81F009FC5F6 /* Build configuration list for PBXProject "SWEGroup12-Tennis" */;
			compatibilityVersion = "Xcode 14.0";
			developmentRegion = en;
			hasScannedForEncodings = 0;
			knownRegions = (
				en,
				Base,
			);
			mainGroup = 0E4FF5D52AC4D81F009FC5F6;
			packageReferences = (
				B713C1E62B0191AC0089F6D3 /* XCRemoteSwiftPackageReference "firebase-ios-sdk" */,
				B713C2612B01D60D0089F6D3 /* XCRemoteSwiftPackageReference "SDWebImageSwiftUI" */,
			);
			productRefGroup = 0E4FF5DF2AC4D81F009FC5F6 /* Products */;
			projectDirPath = "";
			projectRoot = "";
			targets = (
				0E4FF5DD2AC4D81F009FC5F6 /* SWEGroup12-Tennis */,
				0E4FF5EE2AC4D821009FC5F6 /* SWEGroup12-TennisTests */,
				0E4FF5F82AC4D821009FC5F6 /* SWEGroup12-TennisUITests */,
			);
		};
/* End PBXProject section */

/* Begin PBXResourcesBuildPhase section */
		0E4FF5DC2AC4D81F009FC5F6 /* Resources */ = {
			isa = PBXResourcesBuildPhase;
			buildActionMask = 2147483647;
			files = (
				0E4FF5EA2AC4D821009FC5F6 /* Preview Assets.xcassets in Resources */,
				0E4FF5E62AC4D821009FC5F6 /* Assets.xcassets in Resources */,
				0E4FF60D2AC50E75009FC5F6 /* GoogleService-Info.plist in Resources */,
			);
			runOnlyForDeploymentPostprocessing = 0;
		};
		0E4FF5ED2AC4D821009FC5F6 /* Resources */ = {
			isa = PBXResourcesBuildPhase;
			buildActionMask = 2147483647;
			files = (
			);
			runOnlyForDeploymentPostprocessing = 0;
		};
		0E4FF5F72AC4D821009FC5F6 /* Resources */ = {
			isa = PBXResourcesBuildPhase;
			buildActionMask = 2147483647;
			files = (
			);
			runOnlyForDeploymentPostprocessing = 0;
		};
/* End PBXResourcesBuildPhase section */

/* Begin PBXSourcesBuildPhase section */
		0E4FF5DA2AC4D81F009FC5F6 /* Sources */ = {
			isa = PBXSourcesBuildPhase;
			buildActionMask = 2147483647;
			files = (
				B713C24F2B019B500089F6D3 /* CalendarResManager.swift in Sources */,
				0E4FF5E42AC4D81F009FC5F6 /* ContentView.swift in Sources */,
				B713C2232B01930C0089F6D3 /* CustomEditView.swift in Sources */,
				B713C25A2B01D4C60089F6D3 /* RecentMessage.swift in Sources */,
				0E4FF5E22AC4D81F009FC5F6 /* SWEGroup12_TennisApp.swift in Sources */,
				B713C2542B01D4AB0089F6D3 /* MainMessagesView.swift in Sources */,
				B74565A32ADC991200700718 /* MatchesListView.swift in Sources */,
				B713C2372B01969F0089F6D3 /* LogInEmailViewModel.swift in Sources */,
				B713C2652B02C3020089F6D3 /* ChatLogView.swift in Sources */,
				B713C2592B01D4C60089F6D3 /* ChatMessage.swift in Sources */,
				B713C1DB2ADE19240089F6D3 /* SettingsView.swift in Sources */,
				0E4FF6232AC52A29009FC5F6 /* AuthenticationView.swift in Sources */,
				B713C1D32ADE13910089F6D3 /* AuthManager.swift in Sources */,
				B713C1D92ADE187C0089F6D3 /* SelectButton.swift in Sources */,
				B713C22F2B01957D0089F6D3 /* UpdatePasswordView.swift in Sources */,
				B713C1DF2AF2D7F80089F6D3 /* OtherProfileView.swift in Sources */,
				B74565A12ADC972000700718 /* MatchesViewModel.swift in Sources */,
				B713C2472B0199D70089F6D3 /* CreateProfileViewModel.swift in Sources */,
				B713C1D52ADE13E30089F6D3 /* ProfileView.swift in Sources */,
				B713C2252B01934F0089F6D3 /* EditProfileViewModel.swift in Sources */,
				B713C25F2B01D4E40089F6D3 /* FirebaseConstants.swift in Sources */,
				B713C1E32AFC5E1C0089F6D3 /* FilterOptionsMenuView.swift in Sources */,
				B713C2352B01966F0089F6D3 /* LogInView.swift in Sources */,
				B713C1E52B018A6E0089F6D3 /* ProfileViewModel.swift in Sources */,
				B713C25B2B01D4C60089F6D3 /* ChatUser.swift in Sources */,
				B713C22B2B0194B00089F6D3 /* EditPlayView.swift in Sources */,
				B74565A52ADC994B00700718 /* Match.swift in Sources */,
				B713C2432B0198510089F6D3 /* SignUpEmailViewModel.swift in Sources */,
				B713C2452B0199950089F6D3 /* CreateProfileView.swift in Sources */,
				B713C21E2B0192790089F6D3 /* EditProfileView.swift in Sources */,
				B713C23B2B0197150089F6D3 /* ForgottenPasswordView.swift in Sources */,
				B713C2522B01D4960089F6D3 /* CreateNewMessageView.swift in Sources */,
				B713C2492B019A330089F6D3 /* ImagePicker.swift in Sources */,
				0E4FF6292AC5A91A009FC5F6 /* AuthenticationManager.swift in Sources */,
				0E4FF6252AC5A663009FC5F6 /* SignInEmailView.swift in Sources */,
				B713C1DD2ADE1A600089F6D3 /* SettingsRowView.swift in Sources */,
				B713C2392B0196F80089F6D3 /* ForgottenPasswordViewModel.swift in Sources */,
				B713C2312B0195A10089F6D3 /* UpdatePasswordViewModel.swift in Sources */,
				B713C23F2B0197A60089F6D3 /* CalendarView.swift in Sources */,
				B713C2292B01947D0089F6D3 /* EditAvailabilityView.swift in Sources */,
				B713C1D72ADE13ED0089F6D3 /* UserManager.swift in Sources */,
				B713C2602B01D4E40089F6D3 /* FirebaseManager.swift in Sources */,
				B713C24B2B019A900089F6D3 /* CalendarManager.swift in Sources */,
				B713C2332B0196100089F6D3 /* InputView.swift in Sources */,
				B713C2412B0197FA0089F6D3 /* SignUpView.swift in Sources */,
				B713C22D2B0194DE0089F6D3 /* EditSkillView.swift in Sources */,
				B713C2272B01940A0089F6D3 /* SettingsViewModel.swift in Sources */,
				B713C23D2B0197580089F6D3 /* HomeView.swift in Sources */,
				B713C24D2B019AD70089F6D3 /* CalendarResView.swift in Sources */,
			);
			runOnlyForDeploymentPostprocessing = 0;
		};
		0E4FF5EB2AC4D821009FC5F6 /* Sources */ = {
			isa = PBXSourcesBuildPhase;
			buildActionMask = 2147483647;
			files = (
				0E4FF5F42AC4D821009FC5F6 /* SWEGroup12_TennisTests.swift in Sources */,
				B713C2672B02F9070089F6D3 /* FirestoreMocks.swift in Sources */,
			);
			runOnlyForDeploymentPostprocessing = 0;
		};
		0E4FF5F52AC4D821009FC5F6 /* Sources */ = {
			isa = PBXSourcesBuildPhase;
			buildActionMask = 2147483647;
			files = (
				0E4FF6002AC4D821009FC5F6 /* SWEGroup12_TennisUITestsLaunchTests.swift in Sources */,
				0E4FF5FE2AC4D821009FC5F6 /* SWEGroup12_TennisUITests.swift in Sources */,
			);
			runOnlyForDeploymentPostprocessing = 0;
		};
/* End PBXSourcesBuildPhase section */

/* Begin PBXTargetDependency section */
		0E4FF5F12AC4D821009FC5F6 /* PBXTargetDependency */ = {
			isa = PBXTargetDependency;
			target = 0E4FF5DD2AC4D81F009FC5F6 /* SWEGroup12-Tennis */;
			targetProxy = 0E4FF5F02AC4D821009FC5F6 /* PBXContainerItemProxy */;
		};
		0E4FF5FB2AC4D821009FC5F6 /* PBXTargetDependency */ = {
			isa = PBXTargetDependency;
			target = 0E4FF5DD2AC4D81F009FC5F6 /* SWEGroup12-Tennis */;
			targetProxy = 0E4FF5FA2AC4D821009FC5F6 /* PBXContainerItemProxy */;
		};
/* End PBXTargetDependency section */

/* Begin XCBuildConfiguration section */
		0E4FF6012AC4D821009FC5F6 /* Debug */ = {
			isa = XCBuildConfiguration;
			buildSettings = {
				ALWAYS_SEARCH_USER_PATHS = NO;
				ASSETCATALOG_COMPILER_GENERATE_SWIFT_ASSET_SYMBOL_EXTENSIONS = YES;
				CLANG_ANALYZER_NONNULL = YES;
				CLANG_ANALYZER_NUMBER_OBJECT_CONVERSION = YES_AGGRESSIVE;
				CLANG_CXX_LANGUAGE_STANDARD = "gnu++20";
				CLANG_ENABLE_MODULES = YES;
				CLANG_ENABLE_OBJC_ARC = YES;
				CLANG_ENABLE_OBJC_WEAK = YES;
				CLANG_WARN_BLOCK_CAPTURE_AUTORELEASING = YES;
				CLANG_WARN_BOOL_CONVERSION = YES;
				CLANG_WARN_COMMA = YES;
				CLANG_WARN_CONSTANT_CONVERSION = YES;
				CLANG_WARN_DEPRECATED_OBJC_IMPLEMENTATIONS = YES;
				CLANG_WARN_DIRECT_OBJC_ISA_USAGE = YES_ERROR;
				CLANG_WARN_DOCUMENTATION_COMMENTS = YES;
				CLANG_WARN_EMPTY_BODY = YES;
				CLANG_WARN_ENUM_CONVERSION = YES;
				CLANG_WARN_INFINITE_RECURSION = YES;
				CLANG_WARN_INT_CONVERSION = YES;
				CLANG_WARN_NON_LITERAL_NULL_CONVERSION = YES;
				CLANG_WARN_OBJC_IMPLICIT_RETAIN_SELF = YES;
				CLANG_WARN_OBJC_LITERAL_CONVERSION = YES;
				CLANG_WARN_OBJC_ROOT_CLASS = YES_ERROR;
				CLANG_WARN_QUOTED_INCLUDE_IN_FRAMEWORK_HEADER = YES;
				CLANG_WARN_RANGE_LOOP_ANALYSIS = YES;
				CLANG_WARN_STRICT_PROTOTYPES = YES;
				CLANG_WARN_SUSPICIOUS_MOVE = YES;
				CLANG_WARN_UNGUARDED_AVAILABILITY = YES_AGGRESSIVE;
				CLANG_WARN_UNREACHABLE_CODE = YES;
				CLANG_WARN__DUPLICATE_METHOD_MATCH = YES;
				COPY_PHASE_STRIP = NO;
				DEBUG_INFORMATION_FORMAT = dwarf;
				ENABLE_STRICT_OBJC_MSGSEND = YES;
				ENABLE_TESTABILITY = YES;
				ENABLE_USER_SCRIPT_SANDBOXING = YES;
				GCC_C_LANGUAGE_STANDARD = gnu17;
				GCC_DYNAMIC_NO_PIC = NO;
				GCC_NO_COMMON_BLOCKS = YES;
				GCC_OPTIMIZATION_LEVEL = 0;
				GCC_PREPROCESSOR_DEFINITIONS = (
					"DEBUG=1",
					"$(inherited)",
				);
				GCC_WARN_64_TO_32_BIT_CONVERSION = YES;
				GCC_WARN_ABOUT_RETURN_TYPE = YES_ERROR;
				GCC_WARN_UNDECLARED_SELECTOR = YES;
				GCC_WARN_UNINITIALIZED_AUTOS = YES_AGGRESSIVE;
				GCC_WARN_UNUSED_FUNCTION = YES;
				GCC_WARN_UNUSED_VARIABLE = YES;
				LOCALIZATION_PREFERS_STRING_CATALOGS = YES;
				MTL_ENABLE_DEBUG_INFO = INCLUDE_SOURCE;
				MTL_FAST_MATH = YES;
				ONLY_ACTIVE_ARCH = YES;
				SWIFT_ACTIVE_COMPILATION_CONDITIONS = "DEBUG $(inherited)";
				SWIFT_OPTIMIZATION_LEVEL = "-Onone";
			};
			name = Debug;
		};
		0E4FF6022AC4D821009FC5F6 /* Release */ = {
			isa = XCBuildConfiguration;
			buildSettings = {
				ALWAYS_SEARCH_USER_PATHS = NO;
				ASSETCATALOG_COMPILER_GENERATE_SWIFT_ASSET_SYMBOL_EXTENSIONS = YES;
				CLANG_ANALYZER_NONNULL = YES;
				CLANG_ANALYZER_NUMBER_OBJECT_CONVERSION = YES_AGGRESSIVE;
				CLANG_CXX_LANGUAGE_STANDARD = "gnu++20";
				CLANG_ENABLE_MODULES = YES;
				CLANG_ENABLE_OBJC_ARC = YES;
				CLANG_ENABLE_OBJC_WEAK = YES;
				CLANG_WARN_BLOCK_CAPTURE_AUTORELEASING = YES;
				CLANG_WARN_BOOL_CONVERSION = YES;
				CLANG_WARN_COMMA = YES;
				CLANG_WARN_CONSTANT_CONVERSION = YES;
				CLANG_WARN_DEPRECATED_OBJC_IMPLEMENTATIONS = YES;
				CLANG_WARN_DIRECT_OBJC_ISA_USAGE = YES_ERROR;
				CLANG_WARN_DOCUMENTATION_COMMENTS = YES;
				CLANG_WARN_EMPTY_BODY = YES;
				CLANG_WARN_ENUM_CONVERSION = YES;
				CLANG_WARN_INFINITE_RECURSION = YES;
				CLANG_WARN_INT_CONVERSION = YES;
				CLANG_WARN_NON_LITERAL_NULL_CONVERSION = YES;
				CLANG_WARN_OBJC_IMPLICIT_RETAIN_SELF = YES;
				CLANG_WARN_OBJC_LITERAL_CONVERSION = YES;
				CLANG_WARN_OBJC_ROOT_CLASS = YES_ERROR;
				CLANG_WARN_QUOTED_INCLUDE_IN_FRAMEWORK_HEADER = YES;
				CLANG_WARN_RANGE_LOOP_ANALYSIS = YES;
				CLANG_WARN_STRICT_PROTOTYPES = YES;
				CLANG_WARN_SUSPICIOUS_MOVE = YES;
				CLANG_WARN_UNGUARDED_AVAILABILITY = YES_AGGRESSIVE;
				CLANG_WARN_UNREACHABLE_CODE = YES;
				CLANG_WARN__DUPLICATE_METHOD_MATCH = YES;
				COPY_PHASE_STRIP = NO;
				DEBUG_INFORMATION_FORMAT = "dwarf-with-dsym";
				ENABLE_NS_ASSERTIONS = NO;
				ENABLE_STRICT_OBJC_MSGSEND = YES;
				ENABLE_USER_SCRIPT_SANDBOXING = YES;
				GCC_C_LANGUAGE_STANDARD = gnu17;
				GCC_NO_COMMON_BLOCKS = YES;
				GCC_WARN_64_TO_32_BIT_CONVERSION = YES;
				GCC_WARN_ABOUT_RETURN_TYPE = YES_ERROR;
				GCC_WARN_UNDECLARED_SELECTOR = YES;
				GCC_WARN_UNINITIALIZED_AUTOS = YES_AGGRESSIVE;
				GCC_WARN_UNUSED_FUNCTION = YES;
				GCC_WARN_UNUSED_VARIABLE = YES;
				LOCALIZATION_PREFERS_STRING_CATALOGS = YES;
				MTL_ENABLE_DEBUG_INFO = NO;
				MTL_FAST_MATH = YES;
				SWIFT_COMPILATION_MODE = wholemodule;
			};
			name = Release;
		};
		0E4FF6042AC4D821009FC5F6 /* Debug */ = {
			isa = XCBuildConfiguration;
			buildSettings = {
				ASSETCATALOG_COMPILER_APPICON_NAME = AppIcon;
				ASSETCATALOG_COMPILER_GLOBAL_ACCENT_COLOR_NAME = AccentColor;
				CODE_SIGN_ENTITLEMENTS = "SWEGroup12-Tennis/SWEGroup12_Tennis.entitlements";
				CODE_SIGN_STYLE = Automatic;
				CURRENT_PROJECT_VERSION = 1;
				DEVELOPMENT_ASSET_PATHS = "\"SWEGroup12-Tennis/Preview Content\"";
				DEVELOPMENT_TEAM = W26842FAXD;
				ENABLE_PREVIEWS = YES;
				GENERATE_INFOPLIST_FILE = YES;
				"INFOPLIST_KEY_UIApplicationSceneManifest_Generation[sdk=iphoneos*]" = YES;
				"INFOPLIST_KEY_UIApplicationSceneManifest_Generation[sdk=iphonesimulator*]" = YES;
				"INFOPLIST_KEY_UIApplicationSupportsIndirectInputEvents[sdk=iphoneos*]" = YES;
				"INFOPLIST_KEY_UIApplicationSupportsIndirectInputEvents[sdk=iphonesimulator*]" = YES;
				"INFOPLIST_KEY_UILaunchScreen_Generation[sdk=iphoneos*]" = YES;
				"INFOPLIST_KEY_UILaunchScreen_Generation[sdk=iphonesimulator*]" = YES;
				"INFOPLIST_KEY_UIStatusBarStyle[sdk=iphoneos*]" = UIStatusBarStyleDefault;
				"INFOPLIST_KEY_UIStatusBarStyle[sdk=iphonesimulator*]" = UIStatusBarStyleDefault;
				INFOPLIST_KEY_UISupportedInterfaceOrientations_iPad = "UIInterfaceOrientationPortrait UIInterfaceOrientationPortraitUpsideDown UIInterfaceOrientationLandscapeLeft UIInterfaceOrientationLandscapeRight";
				INFOPLIST_KEY_UISupportedInterfaceOrientations_iPhone = "UIInterfaceOrientationPortrait UIInterfaceOrientationLandscapeLeft UIInterfaceOrientationLandscapeRight";
				IPHONEOS_DEPLOYMENT_TARGET = 17.0;
				LD_RUNPATH_SEARCH_PATHS = "@executable_path/Frameworks";
				"LD_RUNPATH_SEARCH_PATHS[sdk=macosx*]" = "@executable_path/../Frameworks";
				MACOSX_DEPLOYMENT_TARGET = 13.5;
				MARKETING_VERSION = 1.0;
				PRODUCT_BUNDLE_IDENTIFIER = VandyCourts;
				PRODUCT_NAME = "$(TARGET_NAME)";
				SDKROOT = auto;
				SUPPORTED_PLATFORMS = "iphoneos iphonesimulator macosx";
				SWIFT_EMIT_LOC_STRINGS = YES;
				SWIFT_VERSION = 5.0;
				TARGETED_DEVICE_FAMILY = "1,2";
			};
			name = Debug;
		};
		0E4FF6052AC4D821009FC5F6 /* Release */ = {
			isa = XCBuildConfiguration;
			buildSettings = {
				ASSETCATALOG_COMPILER_APPICON_NAME = AppIcon;
				ASSETCATALOG_COMPILER_GLOBAL_ACCENT_COLOR_NAME = AccentColor;
				CODE_SIGN_ENTITLEMENTS = "SWEGroup12-Tennis/SWEGroup12_Tennis.entitlements";
				CODE_SIGN_STYLE = Automatic;
				CURRENT_PROJECT_VERSION = 1;
				DEVELOPMENT_ASSET_PATHS = "\"SWEGroup12-Tennis/Preview Content\"";
				DEVELOPMENT_TEAM = W26842FAXD;
				ENABLE_PREVIEWS = YES;
				GENERATE_INFOPLIST_FILE = YES;
				"INFOPLIST_KEY_UIApplicationSceneManifest_Generation[sdk=iphoneos*]" = YES;
				"INFOPLIST_KEY_UIApplicationSceneManifest_Generation[sdk=iphonesimulator*]" = YES;
				"INFOPLIST_KEY_UIApplicationSupportsIndirectInputEvents[sdk=iphoneos*]" = YES;
				"INFOPLIST_KEY_UIApplicationSupportsIndirectInputEvents[sdk=iphonesimulator*]" = YES;
				"INFOPLIST_KEY_UILaunchScreen_Generation[sdk=iphoneos*]" = YES;
				"INFOPLIST_KEY_UILaunchScreen_Generation[sdk=iphonesimulator*]" = YES;
				"INFOPLIST_KEY_UIStatusBarStyle[sdk=iphoneos*]" = UIStatusBarStyleDefault;
				"INFOPLIST_KEY_UIStatusBarStyle[sdk=iphonesimulator*]" = UIStatusBarStyleDefault;
				INFOPLIST_KEY_UISupportedInterfaceOrientations_iPad = "UIInterfaceOrientationPortrait UIInterfaceOrientationPortraitUpsideDown UIInterfaceOrientationLandscapeLeft UIInterfaceOrientationLandscapeRight";
				INFOPLIST_KEY_UISupportedInterfaceOrientations_iPhone = "UIInterfaceOrientationPortrait UIInterfaceOrientationLandscapeLeft UIInterfaceOrientationLandscapeRight";
				IPHONEOS_DEPLOYMENT_TARGET = 17.0;
				LD_RUNPATH_SEARCH_PATHS = "@executable_path/Frameworks";
				"LD_RUNPATH_SEARCH_PATHS[sdk=macosx*]" = "@executable_path/../Frameworks";
				MACOSX_DEPLOYMENT_TARGET = 13.5;
				MARKETING_VERSION = 1.0;
				PRODUCT_BUNDLE_IDENTIFIER = VandyCourts;
				PRODUCT_NAME = "$(TARGET_NAME)";
				SDKROOT = auto;
				SUPPORTED_PLATFORMS = "iphoneos iphonesimulator macosx";
				SWIFT_EMIT_LOC_STRINGS = YES;
				SWIFT_VERSION = 5.0;
				TARGETED_DEVICE_FAMILY = "1,2";
			};
			name = Release;
		};
		0E4FF6072AC4D821009FC5F6 /* Debug */ = {
			isa = XCBuildConfiguration;
			buildSettings = {
				ALWAYS_EMBED_SWIFT_STANDARD_LIBRARIES = YES;
				BUNDLE_LOADER = "$(TEST_HOST)";
				CODE_SIGN_STYLE = Automatic;
				CURRENT_PROJECT_VERSION = 1;
				GENERATE_INFOPLIST_FILE = YES;
				IPHONEOS_DEPLOYMENT_TARGET = 17.0;
				MACOSX_DEPLOYMENT_TARGET = 13.5;
				MARKETING_VERSION = 1.0;
				PRODUCT_BUNDLE_IDENTIFIER = "SWEGroup12.SWEGroup12-TennisTests";
				PRODUCT_NAME = "$(TARGET_NAME)";
				SDKROOT = auto;
				SUPPORTED_PLATFORMS = "iphoneos iphonesimulator macosx";
				SWIFT_EMIT_LOC_STRINGS = NO;
				SWIFT_VERSION = 5.0;
				TARGETED_DEVICE_FAMILY = "1,2";
				TEST_HOST = "$(BUILT_PRODUCTS_DIR)/SWEGroup12-Tennis.app/$(BUNDLE_EXECUTABLE_FOLDER_PATH)/SWEGroup12-Tennis";
			};
			name = Debug;
		};
		0E4FF6082AC4D821009FC5F6 /* Release */ = {
			isa = XCBuildConfiguration;
			buildSettings = {
				ALWAYS_EMBED_SWIFT_STANDARD_LIBRARIES = YES;
				BUNDLE_LOADER = "$(TEST_HOST)";
				CODE_SIGN_STYLE = Automatic;
				CURRENT_PROJECT_VERSION = 1;
				GENERATE_INFOPLIST_FILE = YES;
				IPHONEOS_DEPLOYMENT_TARGET = 17.0;
				MACOSX_DEPLOYMENT_TARGET = 13.5;
				MARKETING_VERSION = 1.0;
				PRODUCT_BUNDLE_IDENTIFIER = "SWEGroup12.SWEGroup12-TennisTests";
				PRODUCT_NAME = "$(TARGET_NAME)";
				SDKROOT = auto;
				SUPPORTED_PLATFORMS = "iphoneos iphonesimulator macosx";
				SWIFT_EMIT_LOC_STRINGS = NO;
				SWIFT_VERSION = 5.0;
				TARGETED_DEVICE_FAMILY = "1,2";
				TEST_HOST = "$(BUILT_PRODUCTS_DIR)/SWEGroup12-Tennis.app/$(BUNDLE_EXECUTABLE_FOLDER_PATH)/SWEGroup12-Tennis";
			};
			name = Release;
		};
		0E4FF60A2AC4D821009FC5F6 /* Debug */ = {
			isa = XCBuildConfiguration;
			buildSettings = {
				ALWAYS_EMBED_SWIFT_STANDARD_LIBRARIES = YES;
				CODE_SIGN_STYLE = Automatic;
				CURRENT_PROJECT_VERSION = 1;
				GENERATE_INFOPLIST_FILE = YES;
				IPHONEOS_DEPLOYMENT_TARGET = 17.0;
				MACOSX_DEPLOYMENT_TARGET = 13.5;
				MARKETING_VERSION = 1.0;
				PRODUCT_BUNDLE_IDENTIFIER = "SWEGroup12.SWEGroup12-TennisUITests";
				PRODUCT_NAME = "$(TARGET_NAME)";
				SDKROOT = auto;
				SUPPORTED_PLATFORMS = "iphoneos iphonesimulator macosx";
				SWIFT_EMIT_LOC_STRINGS = NO;
				SWIFT_VERSION = 5.0;
				TARGETED_DEVICE_FAMILY = "1,2";
				TEST_TARGET_NAME = "SWEGroup12-Tennis";
			};
			name = Debug;
		};
		0E4FF60B2AC4D821009FC5F6 /* Release */ = {
			isa = XCBuildConfiguration;
			buildSettings = {
				ALWAYS_EMBED_SWIFT_STANDARD_LIBRARIES = YES;
				CODE_SIGN_STYLE = Automatic;
				CURRENT_PROJECT_VERSION = 1;
				GENERATE_INFOPLIST_FILE = YES;
				IPHONEOS_DEPLOYMENT_TARGET = 17.0;
				MACOSX_DEPLOYMENT_TARGET = 13.5;
				MARKETING_VERSION = 1.0;
				PRODUCT_BUNDLE_IDENTIFIER = "SWEGroup12.SWEGroup12-TennisUITests";
				PRODUCT_NAME = "$(TARGET_NAME)";
				SDKROOT = auto;
				SUPPORTED_PLATFORMS = "iphoneos iphonesimulator macosx";
				SWIFT_EMIT_LOC_STRINGS = NO;
				SWIFT_VERSION = 5.0;
				TARGETED_DEVICE_FAMILY = "1,2";
				TEST_TARGET_NAME = "SWEGroup12-Tennis";
			};
			name = Release;
		};
/* End XCBuildConfiguration section */

/* Begin XCConfigurationList section */
		0E4FF5D92AC4D81F009FC5F6 /* Build configuration list for PBXProject "SWEGroup12-Tennis" */ = {
			isa = XCConfigurationList;
			buildConfigurations = (
				0E4FF6012AC4D821009FC5F6 /* Debug */,
				0E4FF6022AC4D821009FC5F6 /* Release */,
			);
			defaultConfigurationIsVisible = 0;
			defaultConfigurationName = Release;
		};
		0E4FF6032AC4D821009FC5F6 /* Build configuration list for PBXNativeTarget "SWEGroup12-Tennis" */ = {
			isa = XCConfigurationList;
			buildConfigurations = (
				0E4FF6042AC4D821009FC5F6 /* Debug */,
				0E4FF6052AC4D821009FC5F6 /* Release */,
			);
			defaultConfigurationIsVisible = 0;
			defaultConfigurationName = Release;
		};
		0E4FF6062AC4D821009FC5F6 /* Build configuration list for PBXNativeTarget "SWEGroup12-TennisTests" */ = {
			isa = XCConfigurationList;
			buildConfigurations = (
				0E4FF6072AC4D821009FC5F6 /* Debug */,
				0E4FF6082AC4D821009FC5F6 /* Release */,
			);
			defaultConfigurationIsVisible = 0;
			defaultConfigurationName = Release;
		};
		0E4FF6092AC4D821009FC5F6 /* Build configuration list for PBXNativeTarget "SWEGroup12-TennisUITests" */ = {
			isa = XCConfigurationList;
			buildConfigurations = (
				0E4FF60A2AC4D821009FC5F6 /* Debug */,
				0E4FF60B2AC4D821009FC5F6 /* Release */,
			);
			defaultConfigurationIsVisible = 0;
			defaultConfigurationName = Release;
		};
/* End XCConfigurationList section */

/* Begin XCRemoteSwiftPackageReference section */
		B713C1E62B0191AC0089F6D3 /* XCRemoteSwiftPackageReference "firebase-ios-sdk" */ = {
			isa = XCRemoteSwiftPackageReference;
			repositoryURL = "https://github.com/firebase/firebase-ios-sdk.git";
			requirement = {
				kind = upToNextMajorVersion;
				minimumVersion = 10.17.0;
			};
		};
		B713C2612B01D60D0089F6D3 /* XCRemoteSwiftPackageReference "SDWebImageSwiftUI" */ = {
			isa = XCRemoteSwiftPackageReference;
			repositoryURL = "https://github.com/SDWebImage/SDWebImageSwiftUI.git";
			requirement = {
				kind = upToNextMajorVersion;
				minimumVersion = 2.2.4;
			};
		};
/* End XCRemoteSwiftPackageReference section */

/* Begin XCSwiftPackageProductDependency section */
		B713C1E72B0191AC0089F6D3 /* FirebaseAnalytics */ = {
			isa = XCSwiftPackageProductDependency;
			package = B713C1E62B0191AC0089F6D3 /* XCRemoteSwiftPackageReference "firebase-ios-sdk" */;
			productName = FirebaseAnalytics;
		};
		B713C1E92B0191AC0089F6D3 /* FirebaseAnalyticsOnDeviceConversion */ = {
			isa = XCSwiftPackageProductDependency;
			package = B713C1E62B0191AC0089F6D3 /* XCRemoteSwiftPackageReference "firebase-ios-sdk" */;
			productName = FirebaseAnalyticsOnDeviceConversion;
		};
		B713C1EB2B0191AC0089F6D3 /* FirebaseAnalyticsSwift */ = {
			isa = XCSwiftPackageProductDependency;
			package = B713C1E62B0191AC0089F6D3 /* XCRemoteSwiftPackageReference "firebase-ios-sdk" */;
			productName = FirebaseAnalyticsSwift;
		};
		B713C1ED2B0191AC0089F6D3 /* FirebaseAnalyticsWithoutAdIdSupport */ = {
			isa = XCSwiftPackageProductDependency;
			package = B713C1E62B0191AC0089F6D3 /* XCRemoteSwiftPackageReference "firebase-ios-sdk" */;
			productName = FirebaseAnalyticsWithoutAdIdSupport;
		};
		B713C1EF2B0191AC0089F6D3 /* FirebaseAppCheck */ = {
			isa = XCSwiftPackageProductDependency;
			package = B713C1E62B0191AC0089F6D3 /* XCRemoteSwiftPackageReference "firebase-ios-sdk" */;
			productName = FirebaseAppCheck;
		};
		B713C1F12B0191AC0089F6D3 /* FirebaseAppDistribution-Beta */ = {
			isa = XCSwiftPackageProductDependency;
			package = B713C1E62B0191AC0089F6D3 /* XCRemoteSwiftPackageReference "firebase-ios-sdk" */;
			productName = "FirebaseAppDistribution-Beta";
		};
		B713C1F32B0191AC0089F6D3 /* FirebaseAuth */ = {
			isa = XCSwiftPackageProductDependency;
			package = B713C1E62B0191AC0089F6D3 /* XCRemoteSwiftPackageReference "firebase-ios-sdk" */;
			productName = FirebaseAuth;
		};
		B713C1F52B0191AC0089F6D3 /* FirebaseAuthCombine-Community */ = {
			isa = XCSwiftPackageProductDependency;
			package = B713C1E62B0191AC0089F6D3 /* XCRemoteSwiftPackageReference "firebase-ios-sdk" */;
			productName = "FirebaseAuthCombine-Community";
		};
		B713C1F72B0191AC0089F6D3 /* FirebaseCrashlytics */ = {
			isa = XCSwiftPackageProductDependency;
			package = B713C1E62B0191AC0089F6D3 /* XCRemoteSwiftPackageReference "firebase-ios-sdk" */;
			productName = FirebaseCrashlytics;
		};
		B713C1F92B0191AC0089F6D3 /* FirebaseDatabase */ = {
			isa = XCSwiftPackageProductDependency;
			package = B713C1E62B0191AC0089F6D3 /* XCRemoteSwiftPackageReference "firebase-ios-sdk" */;
			productName = FirebaseDatabase;
		};
		B713C1FB2B0191AC0089F6D3 /* FirebaseDatabaseSwift */ = {
			isa = XCSwiftPackageProductDependency;
			package = B713C1E62B0191AC0089F6D3 /* XCRemoteSwiftPackageReference "firebase-ios-sdk" */;
			productName = FirebaseDatabaseSwift;
		};
		B713C1FD2B0191AC0089F6D3 /* FirebaseDynamicLinks */ = {
			isa = XCSwiftPackageProductDependency;
			package = B713C1E62B0191AC0089F6D3 /* XCRemoteSwiftPackageReference "firebase-ios-sdk" */;
			productName = FirebaseDynamicLinks;
		};
		B713C1FF2B0191AD0089F6D3 /* FirebaseFirestore */ = {
			isa = XCSwiftPackageProductDependency;
			package = B713C1E62B0191AC0089F6D3 /* XCRemoteSwiftPackageReference "firebase-ios-sdk" */;
			productName = FirebaseFirestore;
		};
		B713C2012B0191AD0089F6D3 /* FirebaseFirestoreCombine-Community */ = {
			isa = XCSwiftPackageProductDependency;
			package = B713C1E62B0191AC0089F6D3 /* XCRemoteSwiftPackageReference "firebase-ios-sdk" */;
			productName = "FirebaseFirestoreCombine-Community";
		};
		B713C2032B0191AD0089F6D3 /* FirebaseFirestoreSwift */ = {
			isa = XCSwiftPackageProductDependency;
			package = B713C1E62B0191AC0089F6D3 /* XCRemoteSwiftPackageReference "firebase-ios-sdk" */;
			productName = FirebaseFirestoreSwift;
		};
		B713C2052B0191AD0089F6D3 /* FirebaseFunctions */ = {
			isa = XCSwiftPackageProductDependency;
			package = B713C1E62B0191AC0089F6D3 /* XCRemoteSwiftPackageReference "firebase-ios-sdk" */;
			productName = FirebaseFunctions;
		};
		B713C2072B0191AD0089F6D3 /* FirebaseFunctionsCombine-Community */ = {
			isa = XCSwiftPackageProductDependency;
			package = B713C1E62B0191AC0089F6D3 /* XCRemoteSwiftPackageReference "firebase-ios-sdk" */;
			productName = "FirebaseFunctionsCombine-Community";
		};
		B713C2092B0191AD0089F6D3 /* FirebaseInAppMessaging-Beta */ = {
			isa = XCSwiftPackageProductDependency;
			package = B713C1E62B0191AC0089F6D3 /* XCRemoteSwiftPackageReference "firebase-ios-sdk" */;
			productName = "FirebaseInAppMessaging-Beta";
		};
		B713C20B2B0191AD0089F6D3 /* FirebaseInAppMessagingSwift-Beta */ = {
			isa = XCSwiftPackageProductDependency;
			package = B713C1E62B0191AC0089F6D3 /* XCRemoteSwiftPackageReference "firebase-ios-sdk" */;
			productName = "FirebaseInAppMessagingSwift-Beta";
		};
		B713C20D2B0191AD0089F6D3 /* FirebaseInstallations */ = {
			isa = XCSwiftPackageProductDependency;
			package = B713C1E62B0191AC0089F6D3 /* XCRemoteSwiftPackageReference "firebase-ios-sdk" */;
			productName = FirebaseInstallations;
		};
		B713C20F2B0191AD0089F6D3 /* FirebaseMLModelDownloader */ = {
			isa = XCSwiftPackageProductDependency;
			package = B713C1E62B0191AC0089F6D3 /* XCRemoteSwiftPackageReference "firebase-ios-sdk" */;
			productName = FirebaseMLModelDownloader;
		};
		B713C2112B0191AD0089F6D3 /* FirebaseMessaging */ = {
			isa = XCSwiftPackageProductDependency;
			package = B713C1E62B0191AC0089F6D3 /* XCRemoteSwiftPackageReference "firebase-ios-sdk" */;
			productName = FirebaseMessaging;
		};
		B713C2132B0191AD0089F6D3 /* FirebasePerformance */ = {
			isa = XCSwiftPackageProductDependency;
			package = B713C1E62B0191AC0089F6D3 /* XCRemoteSwiftPackageReference "firebase-ios-sdk" */;
			productName = FirebasePerformance;
		};
		B713C2152B0191AD0089F6D3 /* FirebaseRemoteConfig */ = {
			isa = XCSwiftPackageProductDependency;
			package = B713C1E62B0191AC0089F6D3 /* XCRemoteSwiftPackageReference "firebase-ios-sdk" */;
			productName = FirebaseRemoteConfig;
		};
		B713C2172B0191AD0089F6D3 /* FirebaseRemoteConfigSwift */ = {
			isa = XCSwiftPackageProductDependency;
			package = B713C1E62B0191AC0089F6D3 /* XCRemoteSwiftPackageReference "firebase-ios-sdk" */;
			productName = FirebaseRemoteConfigSwift;
		};
		B713C2192B0191AD0089F6D3 /* FirebaseStorage */ = {
			isa = XCSwiftPackageProductDependency;
			package = B713C1E62B0191AC0089F6D3 /* XCRemoteSwiftPackageReference "firebase-ios-sdk" */;
			productName = FirebaseStorage;
		};
		B713C21B2B0191AD0089F6D3 /* FirebaseStorageCombine-Community */ = {
			isa = XCSwiftPackageProductDependency;
			package = B713C1E62B0191AC0089F6D3 /* XCRemoteSwiftPackageReference "firebase-ios-sdk" */;
			productName = "FirebaseStorageCombine-Community";
		};
		B713C2622B01D60D0089F6D3 /* SDWebImageSwiftUI */ = {
			isa = XCSwiftPackageProductDependency;
			package = B713C2612B01D60D0089F6D3 /* XCRemoteSwiftPackageReference "SDWebImageSwiftUI" */;
			productName = SDWebImageSwiftUI;
		};
/* End XCSwiftPackageProductDependency section */
	};
	rootObject = 0E4FF5D62AC4D81F009FC5F6 /* Project object */;
}
